// !$*UTF8*$!
{
	archiveVersion = 1;
	classes = {
	};
	objectVersion = 46;
	objects = {

/* Begin PBXBuildFile section */
		DBB350A51A6220EE004D0176 /* main.c in Sources */ = {isa = PBXBuildFile; fileRef = DBB350A41A6220EE004D0176 /* main.c */; };
/* End PBXBuildFile section */

/* Begin PBXCopyFilesBuildPhase section */
		DBB3509F1A6220ED004D0176 /* CopyFiles */ = {
			isa = PBXCopyFilesBuildPhase;
			buildActionMask = 2147483647;
			dstPath = /usr/share/man/man1/;
			dstSubfolderSpec = 0;
			files = (
			);
			runOnlyForDeploymentPostprocessing = 1;
		};
/* End PBXCopyFilesBuildPhase section */

/* Begin PBXFileReference section */
		DBB350A11A6220EE004D0176 /* ex07_NDigits */ = {isa = PBXFileReference; explicitFileType = "compiled.mach-o.executable"; includeInIndex = 0; path = ex07_NDigits; sourceTree = BUILT_PRODUCTS_DIR; };
		DBB350A41A6220EE004D0176 /* main.c */ = {isa = PBXFileReference; lastKnownFileType = sourcecode.c.c; path = main.c; sourceTree = "<group>"; };
/* End PBXFileReference section */

/* Begin PBXFrameworksBuildPhase section */
		DBB3509E1A6220ED004D0176 /* Frameworks */ = {
			isa = PBXFrameworksBuildPhase;
			buildActionMask = 2147483647;
			files = (
			);
			runOnlyForDeploymentPostprocessing = 0;
		};
/* End PBXFrameworksBuildPhase section */

/* Begin PBXGroup section */
		DBB350981A6220ED004D0176 = {
			isa = PBXGroup;
			children = (
				DBB350A31A6220EE004D0176 /* ex07_NDigits */,
				DBB350A21A6220EE004D0176 /* Products */,
			);
			sourceTree = "<group>";
		};
		DBB350A21A6220EE004D0176 /* Products */ = {
			isa = PBXGroup;
			children = (
				DBB350A11A6220EE004D0176 /* ex07_NDigits */,
			);
			name = Products;
			sourceTree = "<group>";
		};
		DBB350A31A6220EE004D0176 /* ex07_NDigits */ = {
			isa = PBXGroup;
			children = (
				DBB350A41A6220EE004D0176 /* main.c */,
			);
			path = ex07_NDigits;
			sourceTree = "<group>";
		};
/* End PBXGroup section */

/* Begin PBXNativeTarget section */
		DBB350A01A6220ED004D0176 /* ex07_NDigits */ = {
			isa = PBXNativeTarget;
			buildConfigurationList = DBB350A81A6220EE004D0176 /* Build configuration list for PBXNativeTarget "ex07_NDigits" */;
			buildPhases = (
				DBB3509D1A6220ED004D0176 /* Sources */,
				DBB3509E1A6220ED004D0176 /* Frameworks */,
				DBB3509F1A6220ED004D0176 /* CopyFiles */,
			);
			buildRules = (
			);
			dependencies = (
			);
			name = ex07_NDigits;
			productName = ex07_NDigits;
			productReference = DBB350A11A6220EE004D0176 /* ex07_NDigits */;
			productType = "com.apple.product-type.tool";
		};
/* End PBXNativeTarget section */

/* Begin PBXProject section */
		DBB350991A6220ED004D0176 /* Project object */ = {
			isa = PBXProject;
			attributes = {
				LastUpgradeCheck = 0610;
				ORGANIZATIONNAME = "Cirno MainasuK";
				TargetAttributes = {
					DBB350A01A6220ED004D0176 = {
						CreatedOnToolsVersion = 6.1;
					};
				};
			};
			buildConfigurationList = DBB3509C1A6220ED004D0176 /* Build configuration list for PBXProject "ex07_NDigits" */;
			compatibilityVersion = "Xcode 3.2";
			developmentRegion = English;
			hasScannedForEncodings = 0;
			knownRegions = (
				en,
			);
			mainGroup = DBB350981A6220ED004D0176;
			productRefGroup = DBB350A21A6220EE004D0176 /* Products */;
			projectDirPath = "";
			projectRoot = "";
			targets = (
				DBB350A01A6220ED004D0176 /* ex07_NDigits */,
			);
		};
/* End PBXProject section */

/* Begin PBXSourcesBuildPhase section */
		DBB3509D1A6220ED004D0176 /* Sources */ = {
			isa = PBXSourcesBuildPhase;
			buildActionMask = 2147483647;
			files = (
				DBB350A51A6220EE004D0176 /* main.c in Sources */,
			);
			runOnlyForDeploymentPostprocessing = 0;
		};
/* End PBXSourcesBuildPhase section */

/* Begin XCBuildConfiguration section */
		DBB350A61A6220EE004D0176 /* Debug */ = {
			isa = XCBuildConfiguration;
			buildSettings = {
				ALWAYS_SEARCH_USER_PATHS = NO;
				CLANG_CXX_LANGUAGE_STANDARD = "gnu++0x";
				CLANG_CXX_LIBRARY = "libc++";
				CLANG_ENABLE_MODULES = YES;
				CLANG_ENABLE_OBJC_ARC = YES;
				CLANG_WARN_BOOL_CONVERSION = YES;
				CLANG_WARN_CONSTANT_CONVERSION = YES;
				CLANG_WARN_DIRECT_OBJC_ISA_USAGE = YES_ERROR;
				CLANG_WARN_EMPTY_BODY = YES;
				CLANG_WARN_ENUM_CONVERSION = YES;
				CLANG_WARN_INT_CONVERSION = YES;
				CLANG_WARN_OBJC_ROOT_CLASS = YES_ERROR;
				CLANG_WARN_UNREACHABLE_CODE = YES;
				CLANG_WARN__DUPLICATE_METHOD_MATCH = YES;
				COPY_PHASE_STRIP = NO;
				ENABLE_STRICT_OBJC_MSGSEND = YES;
				GCC_C_LANGUAGE_STANDARD = gnu99;
				GCC_DYNAMIC_NO_PIC = NO;
				GCC_OPTIMIZATION_LEVEL = 0;
				GCC_PREPROCESSOR_DEFINITIONS = (
					"DEBUG=1",
					"$(inherited)",
				);
				GCC_SYMBOLS_PRIVATE_EXTERN = NO;
				GCC_WARN_64_TO_32_BIT_CONVERSION = YES;
				GCC_WARN_ABOUT_RETURN_TYPE = YES_ERROR;
				GCC_WARN_UNDECLARED_SELECTOR = YES;
				GCC_WARN_UNINITIALIZED_AUTOS = YES_AGGRESSIVE;
				GCC_WARN_UNUSED_FUNCTION = YES;
				GCC_WARN_UNUSED_VARIABLE = YES;
				MACOSX_DEPLOYMENT_TARGET = 10.10;
				MTL_ENABLE_DEBUG_INFO = YES;
				ONLY_ACTIVE_ARCH = YES;
				SDKROOT = macosx;
			};
			name = Debug;
		};
		DBB350A71A6220EE004D0176 /* Release */ = {
			isa = XCBuildConfiguration;
			buildSettings = {
				ALWAYS_SEARCH_USER_PATHS = NO;
				CLANG_CXX_LANGUAGE_STANDARD = "gnu++0x";
				CLANG_CXX_LIBRARY = "libc++";
				CLANG_ENABLE_MODULES = YES;
				CLANG_ENABLE_OBJC_ARC = YES;
				CLANG_WARN_BOOL_CONVERSION = YES;
				CLANG_WARN_CONSTANT_CONVERSION = YES;
				CLANG_WARN_DIRECT_OBJC_ISA_USAGE = YES_ERROR;
				CLANG_WARN_EMPTY_BODY = YES;
				CLANG_WARN_ENUM_CONVERSION = YES;
				CLANG_WARN_INT_CONVERSION = YES;
				CLANG_WARN_OBJC_ROOT_CLASS = YES_ERROR;
				CLANG_WARN_UNREACHABLE_CODE = YES;
				CLANG_WARN__DUPLICATE_METHOD_MATCH = YES;
				COPY_PHASE_STRIP = YES;
				DEBUG_INFORMATION_FORMAT = "dwarf-with-dsym";
				ENABLE_NS_ASSERTIONS = NO;
				ENABLE_STRICT_OBJC_MSGSEND = YES;
				GCC_C_LANGUAGE_STANDARD = gnu99;
				GCC_WARN_64_TO_32_BIT_CONVERSION = YES;
				GCC_WARN_ABOUT_RETURN_TYPE = YES_ERROR;
				GCC_WARN_UNDECLARED_SELECTOR = YES;
				GCC_WARN_UNINITIALIZED_AUTOS = YES_AGGRESSIVE;
				GCC_WARN_UNUSED_FUNCTION = YES;
				GCC_WARN_UNUSED_VARIABLE = YES;
				MACOSX_DEPLOYMENT_TARGET = 10.10;
				MTL_ENABLE_DEBUG_INFO = NO;
				SDKROOT = macosx;
			};
			name = Release;
		};
		DBB350A91A6220EE004D0176 /* Debug */ = {
			isa = XCBuildConfiguration;
			buildSettings = {
				PRODUCT_NAME = "$(TARGET_NAME)";
			};
			name = Debug;
		};
		DBB350AA1A6220EE004D0176 /* Release */ = {
			isa = XCBuildConfiguration;
			buildSettings = {
				PRODUCT_NAME = "$(TARGET_NAME)";
			};
			name = Release;
		};
/* End XCBuildConfiguration section */

/* Begin XCConfigurationList section */
		DBB3509C1A6220ED004D0176 /* Build configuration list for PBXProject "ex07_NDigits" */ = {
			isa = XCConfigurationList;
			buildConfigurations = (
				DBB350A61A6220EE004D0176 /* Debug */,
				DBB350A71A6220EE004D0176 /* Release */,
			);
			defaultConfigurationIsVisible = 0;
			defaultConfigurationName = Release;
		};
		DBB350A81A6220EE004D0176 /* Build configuration list for PBXNativeTarget "ex07_NDigits" */ = {
			isa = XCConfigurationList;
			buildConfigurations = (
				DBB350A91A6220EE004D0176 /* Debug */,
				DBB350AA1A6220EE004D0176 /* Release */,
			);
			defaultConfigurationIsVisible = 0;
		};
/* End XCConfigurationList section */
	};
	rootObject = DBB350991A6220ED004D0176 /* Project object */;
}
