// !$*UTF8*$!
{
	archiveVersion = 1;
	classes = {
	};
	objectVersion = 46;
	objects = {

/* Begin PBXBuildFile section */
		DB5C4EA31A62503A0067D5C0 /* FirstDayOfMonth.c in Sources */ = {isa = PBXBuildFile; fileRef = DB5C4E991A62503A0067D5C0 /* FirstDayOfMonth.c */; };
		DB5C4EA41A62503A0067D5C0 /* GetYearFromUser.c in Sources */ = {isa = PBXBuildFile; fileRef = DB5C4E9A1A62503A0067D5C0 /* GetYearFromUser.c */; };
		DB5C4EA51A62503A0067D5C0 /* GiveInstructions.c in Sources */ = {isa = PBXBuildFile; fileRef = DB5C4E9B1A62503A0067D5C0 /* GiveInstructions.c */; };
		DB5C4EA61A62503A0067D5C0 /* IndentFirstLine.c in Sources */ = {isa = PBXBuildFile; fileRef = DB5C4E9C1A62503A0067D5C0 /* IndentFirstLine.c */; };
		DB5C4EA71A62503A0067D5C0 /* IsLeapYear.c in Sources */ = {isa = PBXBuildFile; fileRef = DB5C4E9D1A62503A0067D5C0 /* IsLeapYear.c */; };
		DB5C4EA81A62503A0067D5C0 /* main.c in Sources */ = {isa = PBXBuildFile; fileRef = DB5C4E9E1A62503A0067D5C0 /* main.c */; };
		DB5C4EA91A62503A0067D5C0 /* MonthDays.c in Sources */ = {isa = PBXBuildFile; fileRef = DB5C4E9F1A62503A0067D5C0 /* MonthDays.c */; };
		DB5C4EAA1A62503A0067D5C0 /* MonthName.c in Sources */ = {isa = PBXBuildFile; fileRef = DB5C4EA01A62503A0067D5C0 /* MonthName.c */; };
		DB5C4EAB1A62503A0067D5C0 /* PrintCalendar.c in Sources */ = {isa = PBXBuildFile; fileRef = DB5C4EA11A62503A0067D5C0 /* PrintCalendar.c */; };
		DB5C4EAC1A62503A0067D5C0 /* PrintCalendarMonth.c in Sources */ = {isa = PBXBuildFile; fileRef = DB5C4EA21A62503A0067D5C0 /* PrintCalendarMonth.c */; };
/* End PBXBuildFile section */

/* Begin PBXCopyFilesBuildPhase section */
		DB5C4E8C1A6250100067D5C0 /* CopyFiles */ = {
			isa = PBXCopyFilesBuildPhase;
			buildActionMask = 2147483647;
			dstPath = /usr/share/man/man1/;
			dstSubfolderSpec = 0;
			files = (
			);
			runOnlyForDeploymentPostprocessing = 1;
		};
/* End PBXCopyFilesBuildPhase section */

/* Begin PBXFileReference section */
		DB5C4E8E1A6250100067D5C0 /* ex12_calendar_two_digits */ = {isa = PBXFileReference; explicitFileType = "compiled.mach-o.executable"; includeInIndex = 0; path = ex12_calendar_two_digits; sourceTree = BUILT_PRODUCTS_DIR; };
		DB5C4E981A62503A0067D5C0 /* calendar.h */ = {isa = PBXFileReference; fileEncoding = 4; lastKnownFileType = sourcecode.c.h; name = calendar.h; path = ../calendar.h; sourceTree = "<group>"; };
		DB5C4E991A62503A0067D5C0 /* FirstDayOfMonth.c */ = {isa = PBXFileReference; fileEncoding = 4; lastKnownFileType = sourcecode.c.c; name = FirstDayOfMonth.c; path = ../FirstDayOfMonth.c; sourceTree = "<group>"; };
		DB5C4E9A1A62503A0067D5C0 /* GetYearFromUser.c */ = {isa = PBXFileReference; fileEncoding = 4; lastKnownFileType = sourcecode.c.c; name = GetYearFromUser.c; path = ../GetYearFromUser.c; sourceTree = "<group>"; };
		DB5C4E9B1A62503A0067D5C0 /* GiveInstructions.c */ = {isa = PBXFileReference; fileEncoding = 4; lastKnownFileType = sourcecode.c.c; name = GiveInstructions.c; path = ../GiveInstructions.c; sourceTree = "<group>"; };
		DB5C4E9C1A62503A0067D5C0 /* IndentFirstLine.c */ = {isa = PBXFileReference; fileEncoding = 4; lastKnownFileType = sourcecode.c.c; name = IndentFirstLine.c; path = ../IndentFirstLine.c; sourceTree = "<group>"; };
		DB5C4E9D1A62503A0067D5C0 /* IsLeapYear.c */ = {isa = PBXFileReference; fileEncoding = 4; lastKnownFileType = sourcecode.c.c; name = IsLeapYear.c; path = ../IsLeapYear.c; sourceTree = "<group>"; };
		DB5C4E9E1A62503A0067D5C0 /* main.c */ = {isa = PBXFileReference; fileEncoding = 4; lastKnownFileType = sourcecode.c.c; name = main.c; path = ../main.c; sourceTree = "<group>"; };
		DB5C4E9F1A62503A0067D5C0 /* MonthDays.c */ = {isa = PBXFileReference; fileEncoding = 4; lastKnownFileType = sourcecode.c.c; name = MonthDays.c; path = ../MonthDays.c; sourceTree = "<group>"; };
		DB5C4EA01A62503A0067D5C0 /* MonthName.c */ = {isa = PBXFileReference; fileEncoding = 4; lastKnownFileType = sourcecode.c.c; name = MonthName.c; path = ../MonthName.c; sourceTree = "<group>"; };
		DB5C4EA11A62503A0067D5C0 /* PrintCalendar.c */ = {isa = PBXFileReference; fileEncoding = 4; lastKnownFileType = sourcecode.c.c; name = PrintCalendar.c; path = ../PrintCalendar.c; sourceTree = "<group>"; };
		DB5C4EA21A62503A0067D5C0 /* PrintCalendarMonth.c */ = {isa = PBXFileReference; fileEncoding = 4; lastKnownFileType = sourcecode.c.c; name = PrintCalendarMonth.c; path = ../PrintCalendarMonth.c; sourceTree = "<group>"; };
/* End PBXFileReference section */

/* Begin PBXFrameworksBuildPhase section */
		DB5C4E8B1A6250100067D5C0 /* Frameworks */ = {
			isa = PBXFrameworksBuildPhase;
			buildActionMask = 2147483647;
			files = (
			);
			runOnlyForDeploymentPostprocessing = 0;
		};
/* End PBXFrameworksBuildPhase section */

/* Begin PBXGroup section */
		DB5C4E851A6250100067D5C0 = {
			isa = PBXGroup;
			children = (
				DB5C4E901A6250100067D5C0 /* ex12_calendar_two_digits */,
				DB5C4E8F1A6250100067D5C0 /* Products */,
			);
			sourceTree = "<group>";
		};
		DB5C4E8F1A6250100067D5C0 /* Products */ = {
			isa = PBXGroup;
			children = (
				DB5C4E8E1A6250100067D5C0 /* ex12_calendar_two_digits */,
			);
			name = Products;
			sourceTree = "<group>";
		};
		DB5C4E901A6250100067D5C0 /* ex12_calendar_two_digits */ = {
			isa = PBXGroup;
			children = (
				DB5C4E981A62503A0067D5C0 /* calendar.h */,
				DB5C4E991A62503A0067D5C0 /* FirstDayOfMonth.c */,
				DB5C4E9A1A62503A0067D5C0 /* GetYearFromUser.c */,
				DB5C4E9B1A62503A0067D5C0 /* GiveInstructions.c */,
				DB5C4E9C1A62503A0067D5C0 /* IndentFirstLine.c */,
				DB5C4E9D1A62503A0067D5C0 /* IsLeapYear.c */,
				DB5C4E9E1A62503A0067D5C0 /* main.c */,
				DB5C4E9F1A62503A0067D5C0 /* MonthDays.c */,
				DB5C4EA01A62503A0067D5C0 /* MonthName.c */,
				DB5C4EA11A62503A0067D5C0 /* PrintCalendar.c */,
				DB5C4EA21A62503A0067D5C0 /* PrintCalendarMonth.c */,
			);
			path = ex12_calendar_two_digits;
			sourceTree = "<group>";
		};
/* End PBXGroup section */

/* Begin PBXNativeTarget section */
		DB5C4E8D1A6250100067D5C0 /* ex12_calendar_two_digits */ = {
			isa = PBXNativeTarget;
			buildConfigurationList = DB5C4E951A6250100067D5C0 /* Build configuration list for PBXNativeTarget "ex12_calendar_two_digits" */;
			buildPhases = (
				DB5C4E8A1A6250100067D5C0 /* Sources */,
				DB5C4E8B1A6250100067D5C0 /* Frameworks */,
				DB5C4E8C1A6250100067D5C0 /* CopyFiles */,
			);
			buildRules = (
			);
			dependencies = (
			);
			name = ex12_calendar_two_digits;
			productName = ex12_calendar_two_digits;
			productReference = DB5C4E8E1A6250100067D5C0 /* ex12_calendar_two_digits */;
			productType = "com.apple.product-type.tool";
		};
/* End PBXNativeTarget section */

/* Begin PBXProject section */
		DB5C4E861A6250100067D5C0 /* Project object */ = {
			isa = PBXProject;
			attributes = {
				LastUpgradeCheck = 0610;
				ORGANIZATIONNAME = "Cirno MainasuK";
				TargetAttributes = {
					DB5C4E8D1A6250100067D5C0 = {
						CreatedOnToolsVersion = 6.1;
					};
				};
			};
			buildConfigurationList = DB5C4E891A6250100067D5C0 /* Build configuration list for PBXProject "ex12_calendar_two_digits" */;
			compatibilityVersion = "Xcode 3.2";
			developmentRegion = English;
			hasScannedForEncodings = 0;
			knownRegions = (
				en,
			);
			mainGroup = DB5C4E851A6250100067D5C0;
			productRefGroup = DB5C4E8F1A6250100067D5C0 /* Products */;
			projectDirPath = "";
			projectRoot = "";
			targets = (
				DB5C4E8D1A6250100067D5C0 /* ex12_calendar_two_digits */,
			);
		};
/* End PBXProject section */

/* Begin PBXSourcesBuildPhase section */
		DB5C4E8A1A6250100067D5C0 /* Sources */ = {
			isa = PBXSourcesBuildPhase;
			buildActionMask = 2147483647;
			files = (
				DB5C4EA61A62503A0067D5C0 /* IndentFirstLine.c in Sources */,
				DB5C4EAB1A62503A0067D5C0 /* PrintCalendar.c in Sources */,
				DB5C4EA41A62503A0067D5C0 /* GetYearFromUser.c in Sources */,
				DB5C4EA81A62503A0067D5C0 /* main.c in Sources */,
				DB5C4EAA1A62503A0067D5C0 /* MonthName.c in Sources */,
				DB5C4EA71A62503A0067D5C0 /* IsLeapYear.c in Sources */,
				DB5C4EAC1A62503A0067D5C0 /* PrintCalendarMonth.c in Sources */,
				DB5C4EA51A62503A0067D5C0 /* GiveInstructions.c in Sources */,
				DB5C4EA91A62503A0067D5C0 /* MonthDays.c in Sources */,
				DB5C4EA31A62503A0067D5C0 /* FirstDayOfMonth.c in Sources */,
			);
			runOnlyForDeploymentPostprocessing = 0;
		};
/* End PBXSourcesBuildPhase section */

/* Begin XCBuildConfiguration section */
		DB5C4E931A6250100067D5C0 /* Debug */ = {
			isa = XCBuildConfiguration;
			buildSettings = {
				ALWAYS_SEARCH_USER_PATHS = NO;
				CLANG_CXX_LANGUAGE_STANDARD = "gnu++0x";
				CLANG_CXX_LIBRARY = "libc++";
				CLANG_ENABLE_MODULES = YES;
				CLANG_ENABLE_OBJC_ARC = YES;
				CLANG_WARN_BOOL_CONVERSION = YES;
				CLANG_WARN_CONSTANT_CONVERSION = YES;
				CLANG_WARN_DIRECT_OBJC_ISA_USAGE = YES_ERROR;
				CLANG_WARN_EMPTY_BODY = YES;
				CLANG_WARN_ENUM_CONVERSION = YES;
				CLANG_WARN_INT_CONVERSION = YES;
				CLANG_WARN_OBJC_ROOT_CLASS = YES_ERROR;
				CLANG_WARN_UNREACHABLE_CODE = YES;
				CLANG_WARN__DUPLICATE_METHOD_MATCH = YES;
				COPY_PHASE_STRIP = NO;
				ENABLE_STRICT_OBJC_MSGSEND = YES;
				GCC_C_LANGUAGE_STANDARD = gnu99;
				GCC_DYNAMIC_NO_PIC = NO;
				GCC_OPTIMIZATION_LEVEL = 0;
				GCC_PREPROCESSOR_DEFINITIONS = (
					"DEBUG=1",
					"$(inherited)",
				);
				GCC_SYMBOLS_PRIVATE_EXTERN = NO;
				GCC_WARN_64_TO_32_BIT_CONVERSION = YES;
				GCC_WARN_ABOUT_RETURN_TYPE = YES_ERROR;
				GCC_WARN_UNDECLARED_SELECTOR = YES;
				GCC_WARN_UNINITIALIZED_AUTOS = YES_AGGRESSIVE;
				GCC_WARN_UNUSED_FUNCTION = YES;
				GCC_WARN_UNUSED_VARIABLE = YES;
				MACOSX_DEPLOYMENT_TARGET = 10.10;
				MTL_ENABLE_DEBUG_INFO = YES;
				ONLY_ACTIVE_ARCH = YES;
				SDKROOT = macosx;
			};
			name = Debug;
		};
		DB5C4E941A6250100067D5C0 /* Release */ = {
			isa = XCBuildConfiguration;
			buildSettings = {
				ALWAYS_SEARCH_USER_PATHS = NO;
				CLANG_CXX_LANGUAGE_STANDARD = "gnu++0x";
				CLANG_CXX_LIBRARY = "libc++";
				CLANG_ENABLE_MODULES = YES;
				CLANG_ENABLE_OBJC_ARC = YES;
				CLANG_WARN_BOOL_CONVERSION = YES;
				CLANG_WARN_CONSTANT_CONVERSION = YES;
				CLANG_WARN_DIRECT_OBJC_ISA_USAGE = YES_ERROR;
				CLANG_WARN_EMPTY_BODY = YES;
				CLANG_WARN_ENUM_CONVERSION = YES;
				CLANG_WARN_INT_CONVERSION = YES;
				CLANG_WARN_OBJC_ROOT_CLASS = YES_ERROR;
				CLANG_WARN_UNREACHABLE_CODE = YES;
				CLANG_WARN__DUPLICATE_METHOD_MATCH = YES;
				COPY_PHASE_STRIP = YES;
				DEBUG_INFORMATION_FORMAT = "dwarf-with-dsym";
				ENABLE_NS_ASSERTIONS = NO;
				ENABLE_STRICT_OBJC_MSGSEND = YES;
				GCC_C_LANGUAGE_STANDARD = gnu99;
				GCC_WARN_64_TO_32_BIT_CONVERSION = YES;
				GCC_WARN_ABOUT_RETURN_TYPE = YES_ERROR;
				GCC_WARN_UNDECLARED_SELECTOR = YES;
				GCC_WARN_UNINITIALIZED_AUTOS = YES_AGGRESSIVE;
				GCC_WARN_UNUSED_FUNCTION = YES;
				GCC_WARN_UNUSED_VARIABLE = YES;
				MACOSX_DEPLOYMENT_TARGET = 10.10;
				MTL_ENABLE_DEBUG_INFO = NO;
				SDKROOT = macosx;
			};
			name = Release;
		};
		DB5C4E961A6250100067D5C0 /* Debug */ = {
			isa = XCBuildConfiguration;
			buildSettings = {
				PRODUCT_NAME = "$(TARGET_NAME)";
			};
			name = Debug;
		};
		DB5C4E971A6250100067D5C0 /* Release */ = {
			isa = XCBuildConfiguration;
			buildSettings = {
				PRODUCT_NAME = "$(TARGET_NAME)";
			};
			name = Release;
		};
/* End XCBuildConfiguration section */

/* Begin XCConfigurationList section */
		DB5C4E891A6250100067D5C0 /* Build configuration list for PBXProject "ex12_calendar_two_digits" */ = {
			isa = XCConfigurationList;
			buildConfigurations = (
				DB5C4E931A6250100067D5C0 /* Debug */,
				DB5C4E941A6250100067D5C0 /* Release */,
			);
			defaultConfigurationIsVisible = 0;
			defaultConfigurationName = Release;
		};
		DB5C4E951A6250100067D5C0 /* Build configuration list for PBXNativeTarget "ex12_calendar_two_digits" */ = {
			isa = XCConfigurationList;
			buildConfigurations = (
				DB5C4E961A6250100067D5C0 /* Debug */,
				DB5C4E971A6250100067D5C0 /* Release */,
			);
			defaultConfigurationIsVisible = 0;
		};
/* End XCConfigurationList section */
	};
	rootObject = DB5C4E861A6250100067D5C0 /* Project object */;
}
