// !$*UTF8*$!
{
	archiveVersion = 1;
	classes = {
	};
	objectVersion = 46;
	objects = {

/* Begin PBXBuildFile section */
		DBA143731A726EF1007A0F0B /* main.c in Sources */ = {isa = PBXBuildFile; fileRef = DBA143721A726EF1007A0F0B /* main.c */; };
		DBA1437B1A726EFD007A0F0B /* random.c in Sources */ = {isa = PBXBuildFile; fileRef = DBA143791A726EFD007A0F0B /* random.c */; };
/* End PBXBuildFile section */

/* Begin PBXCopyFilesBuildPhase section */
		DBA1436D1A726EF1007A0F0B /* CopyFiles */ = {
			isa = PBXCopyFilesBuildPhase;
			buildActionMask = 2147483647;
			dstPath = /usr/share/man/man1/;
			dstSubfolderSpec = 0;
			files = (
			);
			runOnlyForDeploymentPostprocessing = 1;
		};
/* End PBXCopyFilesBuildPhase section */

/* Begin PBXFileReference section */
		DBA1436F1A726EF1007A0F0B /* ex08_math_quiz */ = {isa = PBXFileReference; explicitFileType = "compiled.mach-o.executable"; includeInIndex = 0; path = ex08_math_quiz; sourceTree = BUILT_PRODUCTS_DIR; };
		DBA143721A726EF1007A0F0B /* main.c */ = {isa = PBXFileReference; lastKnownFileType = sourcecode.c.c; path = main.c; sourceTree = "<group>"; };
		DBA143791A726EFD007A0F0B /* random.c */ = {isa = PBXFileReference; fileEncoding = 4; lastKnownFileType = sourcecode.c.c; path = random.c; sourceTree = "<group>"; };
		DBA1437A1A726EFD007A0F0B /* random.h */ = {isa = PBXFileReference; fileEncoding = 4; lastKnownFileType = sourcecode.c.h; path = random.h; sourceTree = "<group>"; };
/* End PBXFileReference section */

/* Begin PBXFrameworksBuildPhase section */
		DBA1436C1A726EF1007A0F0B /* Frameworks */ = {
			isa = PBXFrameworksBuildPhase;
			buildActionMask = 2147483647;
			files = (
			);
			runOnlyForDeploymentPostprocessing = 0;
		};
/* End PBXFrameworksBuildPhase section */

/* Begin PBXGroup section */
		DBA143661A726EF1007A0F0B = {
			isa = PBXGroup;
			children = (
				DBA143711A726EF1007A0F0B /* ex08_math_quiz */,
				DBA143701A726EF1007A0F0B /* Products */,
			);
			sourceTree = "<group>";
		};
		DBA143701A726EF1007A0F0B /* Products */ = {
			isa = PBXGroup;
			children = (
				DBA1436F1A726EF1007A0F0B /* ex08_math_quiz */,
			);
			name = Products;
			sourceTree = "<group>";
		};
		DBA143711A726EF1007A0F0B /* ex08_math_quiz */ = {
			isa = PBXGroup;
			children = (
				DBA143721A726EF1007A0F0B /* main.c */,
				DBA143791A726EFD007A0F0B /* random.c */,
				DBA1437A1A726EFD007A0F0B /* random.h */,
			);
			path = ex08_math_quiz;
			sourceTree = "<group>";
		};
/* End PBXGroup section */

/* Begin PBXNativeTarget section */
		DBA1436E1A726EF1007A0F0B /* ex08_math_quiz */ = {
			isa = PBXNativeTarget;
			buildConfigurationList = DBA143761A726EF1007A0F0B /* Build configuration list for PBXNativeTarget "ex08_math_quiz" */;
			buildPhases = (
				DBA1436B1A726EF1007A0F0B /* Sources */,
				DBA1436C1A726EF1007A0F0B /* Frameworks */,
				DBA1436D1A726EF1007A0F0B /* CopyFiles */,
			);
			buildRules = (
			);
			dependencies = (
			);
			name = ex08_math_quiz;
			productName = ex08_math_quiz;
			productReference = DBA1436F1A726EF1007A0F0B /* ex08_math_quiz */;
			productType = "com.apple.product-type.tool";
		};
/* End PBXNativeTarget section */

/* Begin PBXProject section */
		DBA143671A726EF1007A0F0B /* Project object */ = {
			isa = PBXProject;
			attributes = {
				LastUpgradeCheck = 0610;
				ORGANIZATIONNAME = "Cirno MainasuK";
				TargetAttributes = {
					DBA1436E1A726EF1007A0F0B = {
						CreatedOnToolsVersion = 6.1;
					};
				};
			};
			buildConfigurationList = DBA1436A1A726EF1007A0F0B /* Build configuration list for PBXProject "ex08_math_quiz" */;
			compatibilityVersion = "Xcode 3.2";
			developmentRegion = English;
			hasScannedForEncodings = 0;
			knownRegions = (
				en,
			);
			mainGroup = DBA143661A726EF1007A0F0B;
			productRefGroup = DBA143701A726EF1007A0F0B /* Products */;
			projectDirPath = "";
			projectRoot = "";
			targets = (
				DBA1436E1A726EF1007A0F0B /* ex08_math_quiz */,
			);
		};
/* End PBXProject section */

/* Begin PBXSourcesBuildPhase section */
		DBA1436B1A726EF1007A0F0B /* Sources */ = {
			isa = PBXSourcesBuildPhase;
			buildActionMask = 2147483647;
			files = (
				DBA1437B1A726EFD007A0F0B /* random.c in Sources */,
				DBA143731A726EF1007A0F0B /* main.c in Sources */,
			);
			runOnlyForDeploymentPostprocessing = 0;
		};
/* End PBXSourcesBuildPhase section */

/* Begin XCBuildConfiguration section */
		DBA143741A726EF1007A0F0B /* Debug */ = {
			isa = XCBuildConfiguration;
			buildSettings = {
				ALWAYS_SEARCH_USER_PATHS = NO;
				CLANG_CXX_LANGUAGE_STANDARD = "gnu++0x";
				CLANG_CXX_LIBRARY = "libc++";
				CLANG_ENABLE_MODULES = YES;
				CLANG_ENABLE_OBJC_ARC = YES;
				CLANG_WARN_BOOL_CONVERSION = YES;
				CLANG_WARN_CONSTANT_CONVERSION = YES;
				CLANG_WARN_DIRECT_OBJC_ISA_USAGE = YES_ERROR;
				CLANG_WARN_EMPTY_BODY = YES;
				CLANG_WARN_ENUM_CONVERSION = YES;
				CLANG_WARN_INT_CONVERSION = YES;
				CLANG_WARN_OBJC_ROOT_CLASS = YES_ERROR;
				CLANG_WARN_UNREACHABLE_CODE = YES;
				CLANG_WARN__DUPLICATE_METHOD_MATCH = YES;
				COPY_PHASE_STRIP = NO;
				ENABLE_STRICT_OBJC_MSGSEND = YES;
				GCC_C_LANGUAGE_STANDARD = gnu99;
				GCC_DYNAMIC_NO_PIC = NO;
				GCC_OPTIMIZATION_LEVEL = 0;
				GCC_PREPROCESSOR_DEFINITIONS = (
					"DEBUG=1",
					"$(inherited)",
				);
				GCC_SYMBOLS_PRIVATE_EXTERN = NO;
				GCC_WARN_64_TO_32_BIT_CONVERSION = YES;
				GCC_WARN_ABOUT_RETURN_TYPE = YES_ERROR;
				GCC_WARN_UNDECLARED_SELECTOR = YES;
				GCC_WARN_UNINITIALIZED_AUTOS = YES_AGGRESSIVE;
				GCC_WARN_UNUSED_FUNCTION = YES;
				GCC_WARN_UNUSED_VARIABLE = YES;
				MACOSX_DEPLOYMENT_TARGET = 10.10;
				MTL_ENABLE_DEBUG_INFO = YES;
				ONLY_ACTIVE_ARCH = YES;
				SDKROOT = macosx;
			};
			name = Debug;
		};
		DBA143751A726EF1007A0F0B /* Release */ = {
			isa = XCBuildConfiguration;
			buildSettings = {
				ALWAYS_SEARCH_USER_PATHS = NO;
				CLANG_CXX_LANGUAGE_STANDARD = "gnu++0x";
				CLANG_CXX_LIBRARY = "libc++";
				CLANG_ENABLE_MODULES = YES;
				CLANG_ENABLE_OBJC_ARC = YES;
				CLANG_WARN_BOOL_CONVERSION = YES;
				CLANG_WARN_CONSTANT_CONVERSION = YES;
				CLANG_WARN_DIRECT_OBJC_ISA_USAGE = YES_ERROR;
				CLANG_WARN_EMPTY_BODY = YES;
				CLANG_WARN_ENUM_CONVERSION = YES;
				CLANG_WARN_INT_CONVERSION = YES;
				CLANG_WARN_OBJC_ROOT_CLASS = YES_ERROR;
				CLANG_WARN_UNREACHABLE_CODE = YES;
				CLANG_WARN__DUPLICATE_METHOD_MATCH = YES;
				COPY_PHASE_STRIP = YES;
				DEBUG_INFORMATION_FORMAT = "dwarf-with-dsym";
				ENABLE_NS_ASSERTIONS = NO;
				ENABLE_STRICT_OBJC_MSGSEND = YES;
				GCC_C_LANGUAGE_STANDARD = gnu99;
				GCC_WARN_64_TO_32_BIT_CONVERSION = YES;
				GCC_WARN_ABOUT_RETURN_TYPE = YES_ERROR;
				GCC_WARN_UNDECLARED_SELECTOR = YES;
				GCC_WARN_UNINITIALIZED_AUTOS = YES_AGGRESSIVE;
				GCC_WARN_UNUSED_FUNCTION = YES;
				GCC_WARN_UNUSED_VARIABLE = YES;
				MACOSX_DEPLOYMENT_TARGET = 10.10;
				MTL_ENABLE_DEBUG_INFO = NO;
				SDKROOT = macosx;
			};
			name = Release;
		};
		DBA143771A726EF1007A0F0B /* Debug */ = {
			isa = XCBuildConfiguration;
			buildSettings = {
				PRODUCT_NAME = "$(TARGET_NAME)";
			};
			name = Debug;
		};
		DBA143781A726EF1007A0F0B /* Release */ = {
			isa = XCBuildConfiguration;
			buildSettings = {
				PRODUCT_NAME = "$(TARGET_NAME)";
			};
			name = Release;
		};
/* End XCBuildConfiguration section */

/* Begin XCConfigurationList section */
		DBA1436A1A726EF1007A0F0B /* Build configuration list for PBXProject "ex08_math_quiz" */ = {
			isa = XCConfigurationList;
			buildConfigurations = (
				DBA143741A726EF1007A0F0B /* Debug */,
				DBA143751A726EF1007A0F0B /* Release */,
			);
			defaultConfigurationIsVisible = 0;
			defaultConfigurationName = Release;
		};
		DBA143761A726EF1007A0F0B /* Build configuration list for PBXNativeTarget "ex08_math_quiz" */ = {
			isa = XCConfigurationList;
			buildConfigurations = (
				DBA143771A726EF1007A0F0B /* Debug */,
				DBA143781A726EF1007A0F0B /* Release */,
			);
			defaultConfigurationIsVisible = 0;
		};
/* End XCConfigurationList section */
	};
	rootObject = DBA143671A726EF1007A0F0B /* Project object */;
}
