// !$*UTF8*$!
{
	archiveVersion = 1;
	classes = {
	};
	objectVersion = 46;
	objects = {

/* Begin PBXBuildFile section */
		DBC108661A7B671600F24F07 /* main.c in Sources */ = {isa = PBXBuildFile; fileRef = DBC108651A7B671600F24F07 /* main.c */; };
		DBC1086E1A7B678500F24F07 /* theSleveOfEratosthenes.c in Sources */ = {isa = PBXBuildFile; fileRef = DBC1086C1A7B678500F24F07 /* theSleveOfEratosthenes.c */; };
/* End PBXBuildFile section */

/* Begin PBXCopyFilesBuildPhase section */
		DBC108601A7B671600F24F07 /* CopyFiles */ = {
			isa = PBXCopyFilesBuildPhase;
			buildActionMask = 2147483647;
			dstPath = /usr/share/man/man1/;
			dstSubfolderSpec = 0;
			files = (
			);
			runOnlyForDeploymentPostprocessing = 1;
		};
/* End PBXCopyFilesBuildPhase section */

/* Begin PBXFileReference section */
		DBC108621A7B671600F24F07 /* ex05_theSieveOfEratosthenes */ = {isa = PBXFileReference; explicitFileType = "compiled.mach-o.executable"; includeInIndex = 0; path = ex05_theSieveOfEratosthenes; sourceTree = BUILT_PRODUCTS_DIR; };
		DBC108651A7B671600F24F07 /* main.c */ = {isa = PBXFileReference; lastKnownFileType = sourcecode.c.c; path = main.c; sourceTree = "<group>"; };
		DBC1086C1A7B678500F24F07 /* theSleveOfEratosthenes.c */ = {isa = PBXFileReference; fileEncoding = 4; lastKnownFileType = sourcecode.c.c; path = theSleveOfEratosthenes.c; sourceTree = "<group>"; };
		DBC1086D1A7B678500F24F07 /* theSleveOfEratosthenes.h */ = {isa = PBXFileReference; fileEncoding = 4; lastKnownFileType = sourcecode.c.h; path = theSleveOfEratosthenes.h; sourceTree = "<group>"; };
/* End PBXFileReference section */

/* Begin PBXFrameworksBuildPhase section */
		DBC1085F1A7B671600F24F07 /* Frameworks */ = {
			isa = PBXFrameworksBuildPhase;
			buildActionMask = 2147483647;
			files = (
			);
			runOnlyForDeploymentPostprocessing = 0;
		};
/* End PBXFrameworksBuildPhase section */

/* Begin PBXGroup section */
		DBC108591A7B671600F24F07 = {
			isa = PBXGroup;
			children = (
				DBC108641A7B671600F24F07 /* ex05_theSieveOfEratosthenes */,
				DBC108631A7B671600F24F07 /* Products */,
			);
			sourceTree = "<group>";
		};
		DBC108631A7B671600F24F07 /* Products */ = {
			isa = PBXGroup;
			children = (
				DBC108621A7B671600F24F07 /* ex05_theSieveOfEratosthenes */,
			);
			name = Products;
			sourceTree = "<group>";
		};
		DBC108641A7B671600F24F07 /* ex05_theSieveOfEratosthenes */ = {
			isa = PBXGroup;
			children = (
				DBC108651A7B671600F24F07 /* main.c */,
				DBC1086C1A7B678500F24F07 /* theSleveOfEratosthenes.c */,
				DBC1086D1A7B678500F24F07 /* theSleveOfEratosthenes.h */,
			);
			path = ex05_theSieveOfEratosthenes;
			sourceTree = "<group>";
		};
/* End PBXGroup section */

/* Begin PBXNativeTarget section */
		DBC108611A7B671600F24F07 /* ex05_theSieveOfEratosthenes */ = {
			isa = PBXNativeTarget;
			buildConfigurationList = DBC108691A7B671600F24F07 /* Build configuration list for PBXNativeTarget "ex05_theSieveOfEratosthenes" */;
			buildPhases = (
				DBC1085E1A7B671600F24F07 /* Sources */,
				DBC1085F1A7B671600F24F07 /* Frameworks */,
				DBC108601A7B671600F24F07 /* CopyFiles */,
			);
			buildRules = (
			);
			dependencies = (
			);
			name = ex05_theSieveOfEratosthenes;
			productName = ex05_theSieveOfEratosthenes;
			productReference = DBC108621A7B671600F24F07 /* ex05_theSieveOfEratosthenes */;
			productType = "com.apple.product-type.tool";
		};
/* End PBXNativeTarget section */

/* Begin PBXProject section */
		DBC1085A1A7B671600F24F07 /* Project object */ = {
			isa = PBXProject;
			attributes = {
				LastUpgradeCheck = 0610;
				ORGANIZATIONNAME = "Cirno MainasuK";
				TargetAttributes = {
					DBC108611A7B671600F24F07 = {
						CreatedOnToolsVersion = 6.1;
					};
				};
			};
			buildConfigurationList = DBC1085D1A7B671600F24F07 /* Build configuration list for PBXProject "ex05_theSieveOfEratosthenes" */;
			compatibilityVersion = "Xcode 3.2";
			developmentRegion = English;
			hasScannedForEncodings = 0;
			knownRegions = (
				en,
			);
			mainGroup = DBC108591A7B671600F24F07;
			productRefGroup = DBC108631A7B671600F24F07 /* Products */;
			projectDirPath = "";
			projectRoot = "";
			targets = (
				DBC108611A7B671600F24F07 /* ex05_theSieveOfEratosthenes */,
			);
		};
/* End PBXProject section */

/* Begin PBXSourcesBuildPhase section */
		DBC1085E1A7B671600F24F07 /* Sources */ = {
			isa = PBXSourcesBuildPhase;
			buildActionMask = 2147483647;
			files = (
				DBC108661A7B671600F24F07 /* main.c in Sources */,
				DBC1086E1A7B678500F24F07 /* theSleveOfEratosthenes.c in Sources */,
			);
			runOnlyForDeploymentPostprocessing = 0;
		};
/* End PBXSourcesBuildPhase section */

/* Begin XCBuildConfiguration section */
		DBC108671A7B671600F24F07 /* Debug */ = {
			isa = XCBuildConfiguration;
			buildSettings = {
				ALWAYS_SEARCH_USER_PATHS = NO;
				CLANG_CXX_LANGUAGE_STANDARD = "gnu++0x";
				CLANG_CXX_LIBRARY = "libc++";
				CLANG_ENABLE_MODULES = YES;
				CLANG_ENABLE_OBJC_ARC = YES;
				CLANG_WARN_BOOL_CONVERSION = YES;
				CLANG_WARN_CONSTANT_CONVERSION = YES;
				CLANG_WARN_DIRECT_OBJC_ISA_USAGE = YES_ERROR;
				CLANG_WARN_EMPTY_BODY = YES;
				CLANG_WARN_ENUM_CONVERSION = YES;
				CLANG_WARN_INT_CONVERSION = YES;
				CLANG_WARN_OBJC_ROOT_CLASS = YES_ERROR;
				CLANG_WARN_UNREACHABLE_CODE = YES;
				CLANG_WARN__DUPLICATE_METHOD_MATCH = YES;
				COPY_PHASE_STRIP = NO;
				ENABLE_STRICT_OBJC_MSGSEND = YES;
				GCC_C_LANGUAGE_STANDARD = gnu99;
				GCC_DYNAMIC_NO_PIC = NO;
				GCC_OPTIMIZATION_LEVEL = 0;
				GCC_PREPROCESSOR_DEFINITIONS = (
					"DEBUG=1",
					"$(inherited)",
				);
				GCC_SYMBOLS_PRIVATE_EXTERN = NO;
				GCC_WARN_64_TO_32_BIT_CONVERSION = YES;
				GCC_WARN_ABOUT_RETURN_TYPE = YES_ERROR;
				GCC_WARN_UNDECLARED_SELECTOR = YES;
				GCC_WARN_UNINITIALIZED_AUTOS = YES_AGGRESSIVE;
				GCC_WARN_UNUSED_FUNCTION = YES;
				GCC_WARN_UNUSED_VARIABLE = YES;
				MACOSX_DEPLOYMENT_TARGET = 10.10;
				MTL_ENABLE_DEBUG_INFO = YES;
				ONLY_ACTIVE_ARCH = YES;
				SDKROOT = macosx;
			};
			name = Debug;
		};
		DBC108681A7B671600F24F07 /* Release */ = {
			isa = XCBuildConfiguration;
			buildSettings = {
				ALWAYS_SEARCH_USER_PATHS = NO;
				CLANG_CXX_LANGUAGE_STANDARD = "gnu++0x";
				CLANG_CXX_LIBRARY = "libc++";
				CLANG_ENABLE_MODULES = YES;
				CLANG_ENABLE_OBJC_ARC = YES;
				CLANG_WARN_BOOL_CONVERSION = YES;
				CLANG_WARN_CONSTANT_CONVERSION = YES;
				CLANG_WARN_DIRECT_OBJC_ISA_USAGE = YES_ERROR;
				CLANG_WARN_EMPTY_BODY = YES;
				CLANG_WARN_ENUM_CONVERSION = YES;
				CLANG_WARN_INT_CONVERSION = YES;
				CLANG_WARN_OBJC_ROOT_CLASS = YES_ERROR;
				CLANG_WARN_UNREACHABLE_CODE = YES;
				CLANG_WARN__DUPLICATE_METHOD_MATCH = YES;
				COPY_PHASE_STRIP = YES;
				DEBUG_INFORMATION_FORMAT = "dwarf-with-dsym";
				ENABLE_NS_ASSERTIONS = NO;
				ENABLE_STRICT_OBJC_MSGSEND = YES;
				GCC_C_LANGUAGE_STANDARD = gnu99;
				GCC_WARN_64_TO_32_BIT_CONVERSION = YES;
				GCC_WARN_ABOUT_RETURN_TYPE = YES_ERROR;
				GCC_WARN_UNDECLARED_SELECTOR = YES;
				GCC_WARN_UNINITIALIZED_AUTOS = YES_AGGRESSIVE;
				GCC_WARN_UNUSED_FUNCTION = YES;
				GCC_WARN_UNUSED_VARIABLE = YES;
				MACOSX_DEPLOYMENT_TARGET = 10.10;
				MTL_ENABLE_DEBUG_INFO = NO;
				SDKROOT = macosx;
			};
			name = Release;
		};
		DBC1086A1A7B671600F24F07 /* Debug */ = {
			isa = XCBuildConfiguration;
			buildSettings = {
				PRODUCT_NAME = "$(TARGET_NAME)";
			};
			name = Debug;
		};
		DBC1086B1A7B671600F24F07 /* Release */ = {
			isa = XCBuildConfiguration;
			buildSettings = {
				PRODUCT_NAME = "$(TARGET_NAME)";
			};
			name = Release;
		};
/* End XCBuildConfiguration section */

/* Begin XCConfigurationList section */
		DBC1085D1A7B671600F24F07 /* Build configuration list for PBXProject "ex05_theSieveOfEratosthenes" */ = {
			isa = XCConfigurationList;
			buildConfigurations = (
				DBC108671A7B671600F24F07 /* Debug */,
				DBC108681A7B671600F24F07 /* Release */,
			);
			defaultConfigurationIsVisible = 0;
			defaultConfigurationName = Release;
		};
		DBC108691A7B671600F24F07 /* Build configuration list for PBXNativeTarget "ex05_theSieveOfEratosthenes" */ = {
			isa = XCConfigurationList;
			buildConfigurations = (
				DBC1086A1A7B671600F24F07 /* Debug */,
				DBC1086B1A7B671600F24F07 /* Release */,
			);
			defaultConfigurationIsVisible = 0;
		};
/* End XCConfigurationList section */
	};
	rootObject = DBC1085A1A7B671600F24F07 /* Project object */;
}
