// !$*UTF8*$!
{
	archiveVersion = 1;
	classes = {
	};
	objectVersion = 46;
	objects = {

/* Begin PBXBuildFile section */
		DB341E0B1A5FCA690074ACA3 /* main.c in Sources */ = {isa = PBXBuildFile; fileRef = DB341E0A1A5FCA690074ACA3 /* main.c */; };
/* End PBXBuildFile section */

/* Begin PBXCopyFilesBuildPhase section */
		DB341E051A5FCA690074ACA3 /* CopyFiles */ = {
			isa = PBXCopyFilesBuildPhase;
			buildActionMask = 2147483647;
			dstPath = /usr/share/man/man1/;
			dstSubfolderSpec = 0;
			files = (
			);
			runOnlyForDeploymentPostprocessing = 1;
		};
/* End PBXCopyFilesBuildPhase section */

/* Begin PBXFileReference section */
		DB341E071A5FCA690074ACA3 /* ex01_n_bottles_song */ = {isa = PBXFileReference; explicitFileType = "compiled.mach-o.executable"; includeInIndex = 0; path = ex01_n_bottles_song; sourceTree = BUILT_PRODUCTS_DIR; };
		DB341E0A1A5FCA690074ACA3 /* main.c */ = {isa = PBXFileReference; lastKnownFileType = sourcecode.c.c; path = main.c; sourceTree = "<group>"; };
/* End PBXFileReference section */

/* Begin PBXFrameworksBuildPhase section */
		DB341E041A5FCA690074ACA3 /* Frameworks */ = {
			isa = PBXFrameworksBuildPhase;
			buildActionMask = 2147483647;
			files = (
			);
			runOnlyForDeploymentPostprocessing = 0;
		};
/* End PBXFrameworksBuildPhase section */

/* Begin PBXGroup section */
		DB341DFE1A5FCA690074ACA3 = {
			isa = PBXGroup;
			children = (
				DB341E091A5FCA690074ACA3 /* ex01_n_bottles_song */,
				DB341E081A5FCA690074ACA3 /* Products */,
			);
			sourceTree = "<group>";
		};
		DB341E081A5FCA690074ACA3 /* Products */ = {
			isa = PBXGroup;
			children = (
				DB341E071A5FCA690074ACA3 /* ex01_n_bottles_song */,
			);
			name = Products;
			sourceTree = "<group>";
		};
		DB341E091A5FCA690074ACA3 /* ex01_n_bottles_song */ = {
			isa = PBXGroup;
			children = (
				DB341E0A1A5FCA690074ACA3 /* main.c */,
			);
			path = ex01_n_bottles_song;
			sourceTree = "<group>";
		};
/* End PBXGroup section */

/* Begin PBXNativeTarget section */
		DB341E061A5FCA690074ACA3 /* ex01_n_bottles_song */ = {
			isa = PBXNativeTarget;
			buildConfigurationList = DB341E0E1A5FCA690074ACA3 /* Build configuration list for PBXNativeTarget "ex01_n_bottles_song" */;
			buildPhases = (
				DB341E031A5FCA690074ACA3 /* Sources */,
				DB341E041A5FCA690074ACA3 /* Frameworks */,
				DB341E051A5FCA690074ACA3 /* CopyFiles */,
			);
			buildRules = (
			);
			dependencies = (
			);
			name = ex01_n_bottles_song;
			productName = ex01_n_bottles_song;
			productReference = DB341E071A5FCA690074ACA3 /* ex01_n_bottles_song */;
			productType = "com.apple.product-type.tool";
		};
/* End PBXNativeTarget section */

/* Begin PBXProject section */
		DB341DFF1A5FCA690074ACA3 /* Project object */ = {
			isa = PBXProject;
			attributes = {
				LastUpgradeCheck = 0610;
				ORGANIZATIONNAME = "Cirno MainasuK";
				TargetAttributes = {
					DB341E061A5FCA690074ACA3 = {
						CreatedOnToolsVersion = 6.1;
					};
				};
			};
			buildConfigurationList = DB341E021A5FCA690074ACA3 /* Build configuration list for PBXProject "ex01_n_bottles_song" */;
			compatibilityVersion = "Xcode 3.2";
			developmentRegion = English;
			hasScannedForEncodings = 0;
			knownRegions = (
				en,
			);
			mainGroup = DB341DFE1A5FCA690074ACA3;
			productRefGroup = DB341E081A5FCA690074ACA3 /* Products */;
			projectDirPath = "";
			projectRoot = "";
			targets = (
				DB341E061A5FCA690074ACA3 /* ex01_n_bottles_song */,
			);
		};
/* End PBXProject section */

/* Begin PBXSourcesBuildPhase section */
		DB341E031A5FCA690074ACA3 /* Sources */ = {
			isa = PBXSourcesBuildPhase;
			buildActionMask = 2147483647;
			files = (
				DB341E0B1A5FCA690074ACA3 /* main.c in Sources */,
			);
			runOnlyForDeploymentPostprocessing = 0;
		};
/* End PBXSourcesBuildPhase section */

/* Begin XCBuildConfiguration section */
		DB341E0C1A5FCA690074ACA3 /* Debug */ = {
			isa = XCBuildConfiguration;
			buildSettings = {
				ALWAYS_SEARCH_USER_PATHS = NO;
				CLANG_CXX_LANGUAGE_STANDARD = "gnu++0x";
				CLANG_CXX_LIBRARY = "libc++";
				CLANG_ENABLE_MODULES = YES;
				CLANG_ENABLE_OBJC_ARC = YES;
				CLANG_WARN_BOOL_CONVERSION = YES;
				CLANG_WARN_CONSTANT_CONVERSION = YES;
				CLANG_WARN_DIRECT_OBJC_ISA_USAGE = YES_ERROR;
				CLANG_WARN_EMPTY_BODY = YES;
				CLANG_WARN_ENUM_CONVERSION = YES;
				CLANG_WARN_INT_CONVERSION = YES;
				CLANG_WARN_OBJC_ROOT_CLASS = YES_ERROR;
				CLANG_WARN_UNREACHABLE_CODE = YES;
				CLANG_WARN__DUPLICATE_METHOD_MATCH = YES;
				COPY_PHASE_STRIP = NO;
				ENABLE_STRICT_OBJC_MSGSEND = YES;
				GCC_C_LANGUAGE_STANDARD = gnu99;
				GCC_DYNAMIC_NO_PIC = NO;
				GCC_OPTIMIZATION_LEVEL = 0;
				GCC_PREPROCESSOR_DEFINITIONS = (
					"DEBUG=1",
					"$(inherited)",
				);
				GCC_SYMBOLS_PRIVATE_EXTERN = NO;
				GCC_WARN_64_TO_32_BIT_CONVERSION = YES;
				GCC_WARN_ABOUT_RETURN_TYPE = YES_ERROR;
				GCC_WARN_UNDECLARED_SELECTOR = YES;
				GCC_WARN_UNINITIALIZED_AUTOS = YES_AGGRESSIVE;
				GCC_WARN_UNUSED_FUNCTION = YES;
				GCC_WARN_UNUSED_VARIABLE = YES;
				MACOSX_DEPLOYMENT_TARGET = 10.10;
				MTL_ENABLE_DEBUG_INFO = YES;
				ONLY_ACTIVE_ARCH = YES;
				SDKROOT = macosx;
			};
			name = Debug;
		};
		DB341E0D1A5FCA690074ACA3 /* Release */ = {
			isa = XCBuildConfiguration;
			buildSettings = {
				ALWAYS_SEARCH_USER_PATHS = NO;
				CLANG_CXX_LANGUAGE_STANDARD = "gnu++0x";
				CLANG_CXX_LIBRARY = "libc++";
				CLANG_ENABLE_MODULES = YES;
				CLANG_ENABLE_OBJC_ARC = YES;
				CLANG_WARN_BOOL_CONVERSION = YES;
				CLANG_WARN_CONSTANT_CONVERSION = YES;
				CLANG_WARN_DIRECT_OBJC_ISA_USAGE = YES_ERROR;
				CLANG_WARN_EMPTY_BODY = YES;
				CLANG_WARN_ENUM_CONVERSION = YES;
				CLANG_WARN_INT_CONVERSION = YES;
				CLANG_WARN_OBJC_ROOT_CLASS = YES_ERROR;
				CLANG_WARN_UNREACHABLE_CODE = YES;
				CLANG_WARN__DUPLICATE_METHOD_MATCH = YES;
				COPY_PHASE_STRIP = YES;
				DEBUG_INFORMATION_FORMAT = "dwarf-with-dsym";
				ENABLE_NS_ASSERTIONS = NO;
				ENABLE_STRICT_OBJC_MSGSEND = YES;
				GCC_C_LANGUAGE_STANDARD = gnu99;
				GCC_WARN_64_TO_32_BIT_CONVERSION = YES;
				GCC_WARN_ABOUT_RETURN_TYPE = YES_ERROR;
				GCC_WARN_UNDECLARED_SELECTOR = YES;
				GCC_WARN_UNINITIALIZED_AUTOS = YES_AGGRESSIVE;
				GCC_WARN_UNUSED_FUNCTION = YES;
				GCC_WARN_UNUSED_VARIABLE = YES;
				MACOSX_DEPLOYMENT_TARGET = 10.10;
				MTL_ENABLE_DEBUG_INFO = NO;
				SDKROOT = macosx;
			};
			name = Release;
		};
		DB341E0F1A5FCA690074ACA3 /* Debug */ = {
			isa = XCBuildConfiguration;
			buildSettings = {
				PRODUCT_NAME = "$(TARGET_NAME)";
			};
			name = Debug;
		};
		DB341E101A5FCA690074ACA3 /* Release */ = {
			isa = XCBuildConfiguration;
			buildSettings = {
				PRODUCT_NAME = "$(TARGET_NAME)";
			};
			name = Release;
		};
/* End XCBuildConfiguration section */

/* Begin XCConfigurationList section */
		DB341E021A5FCA690074ACA3 /* Build configuration list for PBXProject "ex01_n_bottles_song" */ = {
			isa = XCConfigurationList;
			buildConfigurations = (
				DB341E0C1A5FCA690074ACA3 /* Debug */,
				DB341E0D1A5FCA690074ACA3 /* Release */,
			);
			defaultConfigurationIsVisible = 0;
			defaultConfigurationName = Release;
		};
		DB341E0E1A5FCA690074ACA3 /* Build configuration list for PBXNativeTarget "ex01_n_bottles_song" */ = {
			isa = XCConfigurationList;
			buildConfigurations = (
				DB341E0F1A5FCA690074ACA3 /* Debug */,
				DB341E101A5FCA690074ACA3 /* Release */,
			);
			defaultConfigurationIsVisible = 0;
		};
/* End XCConfigurationList section */
	};
	rootObject = DB341DFF1A5FCA690074ACA3 /* Project object */;
}
