// !$*UTF8*$!
{
	archiveVersion = 1;
	classes = {
	};
	objectVersion = 46;
	objects = {

/* Begin PBXBuildFile section */
		DB85278D1A8B78DD0026AB8D /* main.c in Sources */ = {isa = PBXBuildFile; fileRef = DB85278C1A8B78DD0026AB8D /* main.c */; };
		DB8527951A8B7A080026AB8D /* order.c in Sources */ = {isa = PBXBuildFile; fileRef = DB8527931A8B7A080026AB8D /* order.c */; };
/* End PBXBuildFile section */

/* Begin PBXCopyFilesBuildPhase section */
		DB8527871A8B78DD0026AB8D /* CopyFiles */ = {
			isa = PBXCopyFilesBuildPhase;
			buildActionMask = 2147483647;
			dstPath = /usr/share/man/man1/;
			dstSubfolderSpec = 0;
			files = (
			);
			runOnlyForDeploymentPostprocessing = 1;
		};
/* End PBXCopyFilesBuildPhase section */

/* Begin PBXFileReference section */
		DB8527891A8B78DD0026AB8D /* ex08_order_computer */ = {isa = PBXFileReference; explicitFileType = "compiled.mach-o.executable"; includeInIndex = 0; path = ex08_order_computer; sourceTree = BUILT_PRODUCTS_DIR; };
		DB85278C1A8B78DD0026AB8D /* main.c */ = {isa = PBXFileReference; lastKnownFileType = sourcecode.c.c; path = main.c; sourceTree = "<group>"; };
		DB8527931A8B7A080026AB8D /* order.c */ = {isa = PBXFileReference; fileEncoding = 4; lastKnownFileType = sourcecode.c.c; path = order.c; sourceTree = "<group>"; };
		DB8527941A8B7A080026AB8D /* order.h */ = {isa = PBXFileReference; fileEncoding = 4; lastKnownFileType = sourcecode.c.h; path = order.h; sourceTree = "<group>"; };
/* End PBXFileReference section */

/* Begin PBXFrameworksBuildPhase section */
		DB8527861A8B78DD0026AB8D /* Frameworks */ = {
			isa = PBXFrameworksBuildPhase;
			buildActionMask = 2147483647;
			files = (
			);
			runOnlyForDeploymentPostprocessing = 0;
		};
/* End PBXFrameworksBuildPhase section */

/* Begin PBXGroup section */
		DB8527801A8B78DD0026AB8D = {
			isa = PBXGroup;
			children = (
				DB85278B1A8B78DD0026AB8D /* ex08_order_computer */,
				DB85278A1A8B78DD0026AB8D /* Products */,
			);
			sourceTree = "<group>";
		};
		DB85278A1A8B78DD0026AB8D /* Products */ = {
			isa = PBXGroup;
			children = (
				DB8527891A8B78DD0026AB8D /* ex08_order_computer */,
			);
			name = Products;
			sourceTree = "<group>";
		};
		DB85278B1A8B78DD0026AB8D /* ex08_order_computer */ = {
			isa = PBXGroup;
			children = (
				DB85278C1A8B78DD0026AB8D /* main.c */,
				DB8527931A8B7A080026AB8D /* order.c */,
				DB8527941A8B7A080026AB8D /* order.h */,
			);
			path = ex08_order_computer;
			sourceTree = "<group>";
		};
/* End PBXGroup section */

/* Begin PBXNativeTarget section */
		DB8527881A8B78DD0026AB8D /* ex08_order_computer */ = {
			isa = PBXNativeTarget;
			buildConfigurationList = DB8527901A8B78DD0026AB8D /* Build configuration list for PBXNativeTarget "ex08_order_computer" */;
			buildPhases = (
				DB8527851A8B78DD0026AB8D /* Sources */,
				DB8527861A8B78DD0026AB8D /* Frameworks */,
				DB8527871A8B78DD0026AB8D /* CopyFiles */,
			);
			buildRules = (
			);
			dependencies = (
			);
			name = ex08_order_computer;
			productName = ex08_order_computer;
			productReference = DB8527891A8B78DD0026AB8D /* ex08_order_computer */;
			productType = "com.apple.product-type.tool";
		};
/* End PBXNativeTarget section */

/* Begin PBXProject section */
		DB8527811A8B78DD0026AB8D /* Project object */ = {
			isa = PBXProject;
			attributes = {
				LastUpgradeCheck = 0610;
				ORGANIZATIONNAME = "Cirno MainasuK";
				TargetAttributes = {
					DB8527881A8B78DD0026AB8D = {
						CreatedOnToolsVersion = 6.1;
					};
				};
			};
			buildConfigurationList = DB8527841A8B78DD0026AB8D /* Build configuration list for PBXProject "ex08_order_computer" */;
			compatibilityVersion = "Xcode 3.2";
			developmentRegion = English;
			hasScannedForEncodings = 0;
			knownRegions = (
				en,
			);
			mainGroup = DB8527801A8B78DD0026AB8D;
			productRefGroup = DB85278A1A8B78DD0026AB8D /* Products */;
			projectDirPath = "";
			projectRoot = "";
			targets = (
				DB8527881A8B78DD0026AB8D /* ex08_order_computer */,
			);
		};
/* End PBXProject section */

/* Begin PBXSourcesBuildPhase section */
		DB8527851A8B78DD0026AB8D /* Sources */ = {
			isa = PBXSourcesBuildPhase;
			buildActionMask = 2147483647;
			files = (
				DB8527951A8B7A080026AB8D /* order.c in Sources */,
				DB85278D1A8B78DD0026AB8D /* main.c in Sources */,
			);
			runOnlyForDeploymentPostprocessing = 0;
		};
/* End PBXSourcesBuildPhase section */

/* Begin XCBuildConfiguration section */
		DB85278E1A8B78DD0026AB8D /* Debug */ = {
			isa = XCBuildConfiguration;
			buildSettings = {
				ALWAYS_SEARCH_USER_PATHS = NO;
				CLANG_CXX_LANGUAGE_STANDARD = "gnu++0x";
				CLANG_CXX_LIBRARY = "libc++";
				CLANG_ENABLE_MODULES = YES;
				CLANG_ENABLE_OBJC_ARC = YES;
				CLANG_WARN_BOOL_CONVERSION = YES;
				CLANG_WARN_CONSTANT_CONVERSION = YES;
				CLANG_WARN_DIRECT_OBJC_ISA_USAGE = YES_ERROR;
				CLANG_WARN_EMPTY_BODY = YES;
				CLANG_WARN_ENUM_CONVERSION = YES;
				CLANG_WARN_INT_CONVERSION = YES;
				CLANG_WARN_OBJC_ROOT_CLASS = YES_ERROR;
				CLANG_WARN_UNREACHABLE_CODE = YES;
				CLANG_WARN__DUPLICATE_METHOD_MATCH = YES;
				COPY_PHASE_STRIP = NO;
				ENABLE_STRICT_OBJC_MSGSEND = YES;
				GCC_C_LANGUAGE_STANDARD = gnu99;
				GCC_DYNAMIC_NO_PIC = NO;
				GCC_OPTIMIZATION_LEVEL = 0;
				GCC_PREPROCESSOR_DEFINITIONS = (
					"DEBUG=1",
					"$(inherited)",
				);
				GCC_SYMBOLS_PRIVATE_EXTERN = NO;
				GCC_WARN_64_TO_32_BIT_CONVERSION = YES;
				GCC_WARN_ABOUT_RETURN_TYPE = YES_ERROR;
				GCC_WARN_UNDECLARED_SELECTOR = YES;
				GCC_WARN_UNINITIALIZED_AUTOS = YES_AGGRESSIVE;
				GCC_WARN_UNUSED_FUNCTION = YES;
				GCC_WARN_UNUSED_VARIABLE = YES;
				MACOSX_DEPLOYMENT_TARGET = 10.10;
				MTL_ENABLE_DEBUG_INFO = YES;
				ONLY_ACTIVE_ARCH = YES;
				SDKROOT = macosx;
			};
			name = Debug;
		};
		DB85278F1A8B78DD0026AB8D /* Release */ = {
			isa = XCBuildConfiguration;
			buildSettings = {
				ALWAYS_SEARCH_USER_PATHS = NO;
				CLANG_CXX_LANGUAGE_STANDARD = "gnu++0x";
				CLANG_CXX_LIBRARY = "libc++";
				CLANG_ENABLE_MODULES = YES;
				CLANG_ENABLE_OBJC_ARC = YES;
				CLANG_WARN_BOOL_CONVERSION = YES;
				CLANG_WARN_CONSTANT_CONVERSION = YES;
				CLANG_WARN_DIRECT_OBJC_ISA_USAGE = YES_ERROR;
				CLANG_WARN_EMPTY_BODY = YES;
				CLANG_WARN_ENUM_CONVERSION = YES;
				CLANG_WARN_INT_CONVERSION = YES;
				CLANG_WARN_OBJC_ROOT_CLASS = YES_ERROR;
				CLANG_WARN_UNREACHABLE_CODE = YES;
				CLANG_WARN__DUPLICATE_METHOD_MATCH = YES;
				COPY_PHASE_STRIP = YES;
				DEBUG_INFORMATION_FORMAT = "dwarf-with-dsym";
				ENABLE_NS_ASSERTIONS = NO;
				ENABLE_STRICT_OBJC_MSGSEND = YES;
				GCC_C_LANGUAGE_STANDARD = gnu99;
				GCC_WARN_64_TO_32_BIT_CONVERSION = YES;
				GCC_WARN_ABOUT_RETURN_TYPE = YES_ERROR;
				GCC_WARN_UNDECLARED_SELECTOR = YES;
				GCC_WARN_UNINITIALIZED_AUTOS = YES_AGGRESSIVE;
				GCC_WARN_UNUSED_FUNCTION = YES;
				GCC_WARN_UNUSED_VARIABLE = YES;
				MACOSX_DEPLOYMENT_TARGET = 10.10;
				MTL_ENABLE_DEBUG_INFO = NO;
				SDKROOT = macosx;
			};
			name = Release;
		};
		DB8527911A8B78DD0026AB8D /* Debug */ = {
			isa = XCBuildConfiguration;
			buildSettings = {
				PRODUCT_NAME = "$(TARGET_NAME)";
			};
			name = Debug;
		};
		DB8527921A8B78DD0026AB8D /* Release */ = {
			isa = XCBuildConfiguration;
			buildSettings = {
				PRODUCT_NAME = "$(TARGET_NAME)";
			};
			name = Release;
		};
/* End XCBuildConfiguration section */

/* Begin XCConfigurationList section */
		DB8527841A8B78DD0026AB8D /* Build configuration list for PBXProject "ex08_order_computer" */ = {
			isa = XCConfigurationList;
			buildConfigurations = (
				DB85278E1A8B78DD0026AB8D /* Debug */,
				DB85278F1A8B78DD0026AB8D /* Release */,
			);
			defaultConfigurationIsVisible = 0;
			defaultConfigurationName = Release;
		};
		DB8527901A8B78DD0026AB8D /* Build configuration list for PBXNativeTarget "ex08_order_computer" */ = {
			isa = XCConfigurationList;
			buildConfigurations = (
				DB8527911A8B78DD0026AB8D /* Debug */,
				DB8527921A8B78DD0026AB8D /* Release */,
			);
			defaultConfigurationIsVisible = 0;
		};
/* End XCConfigurationList section */
	};
	rootObject = DB8527811A8B78DD0026AB8D /* Project object */;
}
