// !$*UTF8*$!
{
	archiveVersion = 1;
	classes = {
	};
	objectVersion = 46;
	objects = {

/* Begin PBXBuildFile section */
		DBB350921A621BC1004D0176 /* main.c in Sources */ = {isa = PBXBuildFile; fileRef = DBB350911A621BC1004D0176 /* main.c */; };
/* End PBXBuildFile section */

/* Begin PBXCopyFilesBuildPhase section */
		DBB3508C1A621BC1004D0176 /* CopyFiles */ = {
			isa = PBXCopyFilesBuildPhase;
			buildActionMask = 2147483647;
			dstPath = /usr/share/man/man1/;
			dstSubfolderSpec = 0;
			files = (
			);
			runOnlyForDeploymentPostprocessing = 1;
		};
/* End PBXCopyFilesBuildPhase section */

/* Begin PBXFileReference section */
		DBB3508E1A621BC1004D0176 /* ex06_RaiseRealToPower */ = {isa = PBXFileReference; explicitFileType = "compiled.mach-o.executable"; includeInIndex = 0; path = ex06_RaiseRealToPower; sourceTree = BUILT_PRODUCTS_DIR; };
		DBB350911A621BC1004D0176 /* main.c */ = {isa = PBXFileReference; lastKnownFileType = sourcecode.c.c; path = main.c; sourceTree = "<group>"; };
/* End PBXFileReference section */

/* Begin PBXFrameworksBuildPhase section */
		DBB3508B1A621BC1004D0176 /* Frameworks */ = {
			isa = PBXFrameworksBuildPhase;
			buildActionMask = 2147483647;
			files = (
			);
			runOnlyForDeploymentPostprocessing = 0;
		};
/* End PBXFrameworksBuildPhase section */

/* Begin PBXGroup section */
		DBB350851A621BC1004D0176 = {
			isa = PBXGroup;
			children = (
				DBB350901A621BC1004D0176 /* ex06_RaiseRealToPower */,
				DBB3508F1A621BC1004D0176 /* Products */,
			);
			sourceTree = "<group>";
		};
		DBB3508F1A621BC1004D0176 /* Products */ = {
			isa = PBXGroup;
			children = (
				DBB3508E1A621BC1004D0176 /* ex06_RaiseRealToPower */,
			);
			name = Products;
			sourceTree = "<group>";
		};
		DBB350901A621BC1004D0176 /* ex06_RaiseRealToPower */ = {
			isa = PBXGroup;
			children = (
				DBB350911A621BC1004D0176 /* main.c */,
			);
			path = ex06_RaiseRealToPower;
			sourceTree = "<group>";
		};
/* End PBXGroup section */

/* Begin PBXNativeTarget section */
		DBB3508D1A621BC1004D0176 /* ex06_RaiseRealToPower */ = {
			isa = PBXNativeTarget;
			buildConfigurationList = DBB350951A621BC1004D0176 /* Build configuration list for PBXNativeTarget "ex06_RaiseRealToPower" */;
			buildPhases = (
				DBB3508A1A621BC1004D0176 /* Sources */,
				DBB3508B1A621BC1004D0176 /* Frameworks */,
				DBB3508C1A621BC1004D0176 /* CopyFiles */,
			);
			buildRules = (
			);
			dependencies = (
			);
			name = ex06_RaiseRealToPower;
			productName = ex06_RaiseRealToPower;
			productReference = DBB3508E1A621BC1004D0176 /* ex06_RaiseRealToPower */;
			productType = "com.apple.product-type.tool";
		};
/* End PBXNativeTarget section */

/* Begin PBXProject section */
		DBB350861A621BC1004D0176 /* Project object */ = {
			isa = PBXProject;
			attributes = {
				LastUpgradeCheck = 0610;
				ORGANIZATIONNAME = "Cirno MainasuK";
				TargetAttributes = {
					DBB3508D1A621BC1004D0176 = {
						CreatedOnToolsVersion = 6.1;
					};
				};
			};
			buildConfigurationList = DBB350891A621BC1004D0176 /* Build configuration list for PBXProject "ex06_RaiseRealToPower" */;
			compatibilityVersion = "Xcode 3.2";
			developmentRegion = English;
			hasScannedForEncodings = 0;
			knownRegions = (
				en,
			);
			mainGroup = DBB350851A621BC1004D0176;
			productRefGroup = DBB3508F1A621BC1004D0176 /* Products */;
			projectDirPath = "";
			projectRoot = "";
			targets = (
				DBB3508D1A621BC1004D0176 /* ex06_RaiseRealToPower */,
			);
		};
/* End PBXProject section */

/* Begin PBXSourcesBuildPhase section */
		DBB3508A1A621BC1004D0176 /* Sources */ = {
			isa = PBXSourcesBuildPhase;
			buildActionMask = 2147483647;
			files = (
				DBB350921A621BC1004D0176 /* main.c in Sources */,
			);
			runOnlyForDeploymentPostprocessing = 0;
		};
/* End PBXSourcesBuildPhase section */

/* Begin XCBuildConfiguration section */
		DBB350931A621BC1004D0176 /* Debug */ = {
			isa = XCBuildConfiguration;
			buildSettings = {
				ALWAYS_SEARCH_USER_PATHS = NO;
				CLANG_CXX_LANGUAGE_STANDARD = "gnu++0x";
				CLANG_CXX_LIBRARY = "libc++";
				CLANG_ENABLE_MODULES = YES;
				CLANG_ENABLE_OBJC_ARC = YES;
				CLANG_WARN_BOOL_CONVERSION = YES;
				CLANG_WARN_CONSTANT_CONVERSION = YES;
				CLANG_WARN_DIRECT_OBJC_ISA_USAGE = YES_ERROR;
				CLANG_WARN_EMPTY_BODY = YES;
				CLANG_WARN_ENUM_CONVERSION = YES;
				CLANG_WARN_INT_CONVERSION = YES;
				CLANG_WARN_OBJC_ROOT_CLASS = YES_ERROR;
				CLANG_WARN_UNREACHABLE_CODE = YES;
				CLANG_WARN__DUPLICATE_METHOD_MATCH = YES;
				COPY_PHASE_STRIP = NO;
				ENABLE_STRICT_OBJC_MSGSEND = YES;
				GCC_C_LANGUAGE_STANDARD = gnu99;
				GCC_DYNAMIC_NO_PIC = NO;
				GCC_OPTIMIZATION_LEVEL = 0;
				GCC_PREPROCESSOR_DEFINITIONS = (
					"DEBUG=1",
					"$(inherited)",
				);
				GCC_SYMBOLS_PRIVATE_EXTERN = NO;
				GCC_WARN_64_TO_32_BIT_CONVERSION = YES;
				GCC_WARN_ABOUT_RETURN_TYPE = YES_ERROR;
				GCC_WARN_UNDECLARED_SELECTOR = YES;
				GCC_WARN_UNINITIALIZED_AUTOS = YES_AGGRESSIVE;
				GCC_WARN_UNUSED_FUNCTION = YES;
				GCC_WARN_UNUSED_VARIABLE = YES;
				MACOSX_DEPLOYMENT_TARGET = 10.10;
				MTL_ENABLE_DEBUG_INFO = YES;
				ONLY_ACTIVE_ARCH = YES;
				SDKROOT = macosx;
			};
			name = Debug;
		};
		DBB350941A621BC1004D0176 /* Release */ = {
			isa = XCBuildConfiguration;
			buildSettings = {
				ALWAYS_SEARCH_USER_PATHS = NO;
				CLANG_CXX_LANGUAGE_STANDARD = "gnu++0x";
				CLANG_CXX_LIBRARY = "libc++";
				CLANG_ENABLE_MODULES = YES;
				CLANG_ENABLE_OBJC_ARC = YES;
				CLANG_WARN_BOOL_CONVERSION = YES;
				CLANG_WARN_CONSTANT_CONVERSION = YES;
				CLANG_WARN_DIRECT_OBJC_ISA_USAGE = YES_ERROR;
				CLANG_WARN_EMPTY_BODY = YES;
				CLANG_WARN_ENUM_CONVERSION = YES;
				CLANG_WARN_INT_CONVERSION = YES;
				CLANG_WARN_OBJC_ROOT_CLASS = YES_ERROR;
				CLANG_WARN_UNREACHABLE_CODE = YES;
				CLANG_WARN__DUPLICATE_METHOD_MATCH = YES;
				COPY_PHASE_STRIP = YES;
				DEBUG_INFORMATION_FORMAT = "dwarf-with-dsym";
				ENABLE_NS_ASSERTIONS = NO;
				ENABLE_STRICT_OBJC_MSGSEND = YES;
				GCC_C_LANGUAGE_STANDARD = gnu99;
				GCC_WARN_64_TO_32_BIT_CONVERSION = YES;
				GCC_WARN_ABOUT_RETURN_TYPE = YES_ERROR;
				GCC_WARN_UNDECLARED_SELECTOR = YES;
				GCC_WARN_UNINITIALIZED_AUTOS = YES_AGGRESSIVE;
				GCC_WARN_UNUSED_FUNCTION = YES;
				GCC_WARN_UNUSED_VARIABLE = YES;
				MACOSX_DEPLOYMENT_TARGET = 10.10;
				MTL_ENABLE_DEBUG_INFO = NO;
				SDKROOT = macosx;
			};
			name = Release;
		};
		DBB350961A621BC1004D0176 /* Debug */ = {
			isa = XCBuildConfiguration;
			buildSettings = {
				PRODUCT_NAME = "$(TARGET_NAME)";
			};
			name = Debug;
		};
		DBB350971A621BC1004D0176 /* Release */ = {
			isa = XCBuildConfiguration;
			buildSettings = {
				PRODUCT_NAME = "$(TARGET_NAME)";
			};
			name = Release;
		};
/* End XCBuildConfiguration section */

/* Begin XCConfigurationList section */
		DBB350891A621BC1004D0176 /* Build configuration list for PBXProject "ex06_RaiseRealToPower" */ = {
			isa = XCConfigurationList;
			buildConfigurations = (
				DBB350931A621BC1004D0176 /* Debug */,
				DBB350941A621BC1004D0176 /* Release */,
			);
			defaultConfigurationIsVisible = 0;
			defaultConfigurationName = Release;
		};
		DBB350951A621BC1004D0176 /* Build configuration list for PBXNativeTarget "ex06_RaiseRealToPower" */ = {
			isa = XCConfigurationList;
			buildConfigurations = (
				DBB350961A621BC1004D0176 /* Debug */,
				DBB350971A621BC1004D0176 /* Release */,
			);
			defaultConfigurationIsVisible = 0;
		};
/* End XCConfigurationList section */
	};
	rootObject = DBB350861A621BC1004D0176 /* Project object */;
}
