// !$*UTF8*$!
{
	archiveVersion = 1;
	classes = {
	};
	objectVersion = 46;
	objects = {

/* Begin PBXBuildFile section */
		DBF5EDC61A5EC1F5005B129E /* main.c in Sources */ = {isa = PBXBuildFile; fileRef = DBF5EDC51A5EC1F5005B129E /* main.c */; };
/* End PBXBuildFile section */

/* Begin PBXCopyFilesBuildPhase section */
		DBF5EDC01A5EC1F4005B129E /* CopyFiles */ = {
			isa = PBXCopyFilesBuildPhase;
			buildActionMask = 2147483647;
			dstPath = /usr/share/man/man1/;
			dstSubfolderSpec = 0;
			files = (
			);
			runOnlyForDeploymentPostprocessing = 1;
		};
/* End PBXCopyFilesBuildPhase section */

/* Begin PBXFileReference section */
		DBF5EDC21A5EC1F4005B129E /* ex04_add10_double */ = {isa = PBXFileReference; explicitFileType = "compiled.mach-o.executable"; includeInIndex = 0; path = ex04_add10_double; sourceTree = BUILT_PRODUCTS_DIR; };
		DBF5EDC51A5EC1F5005B129E /* main.c */ = {isa = PBXFileReference; lastKnownFileType = sourcecode.c.c; path = main.c; sourceTree = "<group>"; };
/* End PBXFileReference section */

/* Begin PBXFrameworksBuildPhase section */
		DBF5EDBF1A5EC1F4005B129E /* Frameworks */ = {
			isa = PBXFrameworksBuildPhase;
			buildActionMask = 2147483647;
			files = (
			);
			runOnlyForDeploymentPostprocessing = 0;
		};
/* End PBXFrameworksBuildPhase section */

/* Begin PBXGroup section */
		DBF5EDB91A5EC1F4005B129E = {
			isa = PBXGroup;
			children = (
				DBF5EDC41A5EC1F4005B129E /* ex04_add10_double */,
				DBF5EDC31A5EC1F4005B129E /* Products */,
			);
			sourceTree = "<group>";
		};
		DBF5EDC31A5EC1F4005B129E /* Products */ = {
			isa = PBXGroup;
			children = (
				DBF5EDC21A5EC1F4005B129E /* ex04_add10_double */,
			);
			name = Products;
			sourceTree = "<group>";
		};
		DBF5EDC41A5EC1F4005B129E /* ex04_add10_double */ = {
			isa = PBXGroup;
			children = (
				DBF5EDC51A5EC1F5005B129E /* main.c */,
			);
			path = ex04_add10_double;
			sourceTree = "<group>";
		};
/* End PBXGroup section */

/* Begin PBXNativeTarget section */
		DBF5EDC11A5EC1F4005B129E /* ex04_add10_double */ = {
			isa = PBXNativeTarget;
			buildConfigurationList = DBF5EDC91A5EC1F5005B129E /* Build configuration list for PBXNativeTarget "ex04_add10_double" */;
			buildPhases = (
				DBF5EDBE1A5EC1F4005B129E /* Sources */,
				DBF5EDBF1A5EC1F4005B129E /* Frameworks */,
				DBF5EDC01A5EC1F4005B129E /* CopyFiles */,
			);
			buildRules = (
			);
			dependencies = (
			);
			name = ex04_add10_double;
			productName = ex04_add10_double;
			productReference = DBF5EDC21A5EC1F4005B129E /* ex04_add10_double */;
			productType = "com.apple.product-type.tool";
		};
/* End PBXNativeTarget section */

/* Begin PBXProject section */
		DBF5EDBA1A5EC1F4005B129E /* Project object */ = {
			isa = PBXProject;
			attributes = {
				LastUpgradeCheck = 0610;
				ORGANIZATIONNAME = "Cirno MainasuK";
				TargetAttributes = {
					DBF5EDC11A5EC1F4005B129E = {
						CreatedOnToolsVersion = 6.1;
					};
				};
			};
			buildConfigurationList = DBF5EDBD1A5EC1F4005B129E /* Build configuration list for PBXProject "ex04_add10_double" */;
			compatibilityVersion = "Xcode 3.2";
			developmentRegion = English;
			hasScannedForEncodings = 0;
			knownRegions = (
				en,
			);
			mainGroup = DBF5EDB91A5EC1F4005B129E;
			productRefGroup = DBF5EDC31A5EC1F4005B129E /* Products */;
			projectDirPath = "";
			projectRoot = "";
			targets = (
				DBF5EDC11A5EC1F4005B129E /* ex04_add10_double */,
			);
		};
/* End PBXProject section */

/* Begin PBXSourcesBuildPhase section */
		DBF5EDBE1A5EC1F4005B129E /* Sources */ = {
			isa = PBXSourcesBuildPhase;
			buildActionMask = 2147483647;
			files = (
				DBF5EDC61A5EC1F5005B129E /* main.c in Sources */,
			);
			runOnlyForDeploymentPostprocessing = 0;
		};
/* End PBXSourcesBuildPhase section */

/* Begin XCBuildConfiguration section */
		DBF5EDC71A5EC1F5005B129E /* Debug */ = {
			isa = XCBuildConfiguration;
			buildSettings = {
				ALWAYS_SEARCH_USER_PATHS = NO;
				CLANG_CXX_LANGUAGE_STANDARD = "gnu++0x";
				CLANG_CXX_LIBRARY = "libc++";
				CLANG_ENABLE_MODULES = YES;
				CLANG_ENABLE_OBJC_ARC = YES;
				CLANG_WARN_BOOL_CONVERSION = YES;
				CLANG_WARN_CONSTANT_CONVERSION = YES;
				CLANG_WARN_DIRECT_OBJC_ISA_USAGE = YES_ERROR;
				CLANG_WARN_EMPTY_BODY = YES;
				CLANG_WARN_ENUM_CONVERSION = YES;
				CLANG_WARN_INT_CONVERSION = YES;
				CLANG_WARN_OBJC_ROOT_CLASS = YES_ERROR;
				CLANG_WARN_UNREACHABLE_CODE = YES;
				CLANG_WARN__DUPLICATE_METHOD_MATCH = YES;
				COPY_PHASE_STRIP = NO;
				ENABLE_STRICT_OBJC_MSGSEND = YES;
				GCC_C_LANGUAGE_STANDARD = gnu99;
				GCC_DYNAMIC_NO_PIC = NO;
				GCC_OPTIMIZATION_LEVEL = 0;
				GCC_PREPROCESSOR_DEFINITIONS = (
					"DEBUG=1",
					"$(inherited)",
				);
				GCC_SYMBOLS_PRIVATE_EXTERN = NO;
				GCC_WARN_64_TO_32_BIT_CONVERSION = YES;
				GCC_WARN_ABOUT_RETURN_TYPE = YES_ERROR;
				GCC_WARN_UNDECLARED_SELECTOR = YES;
				GCC_WARN_UNINITIALIZED_AUTOS = YES_AGGRESSIVE;
				GCC_WARN_UNUSED_FUNCTION = YES;
				GCC_WARN_UNUSED_VARIABLE = YES;
				MACOSX_DEPLOYMENT_TARGET = 10.10;
				MTL_ENABLE_DEBUG_INFO = YES;
				ONLY_ACTIVE_ARCH = YES;
				SDKROOT = macosx;
			};
			name = Debug;
		};
		DBF5EDC81A5EC1F5005B129E /* Release */ = {
			isa = XCBuildConfiguration;
			buildSettings = {
				ALWAYS_SEARCH_USER_PATHS = NO;
				CLANG_CXX_LANGUAGE_STANDARD = "gnu++0x";
				CLANG_CXX_LIBRARY = "libc++";
				CLANG_ENABLE_MODULES = YES;
				CLANG_ENABLE_OBJC_ARC = YES;
				CLANG_WARN_BOOL_CONVERSION = YES;
				CLANG_WARN_CONSTANT_CONVERSION = YES;
				CLANG_WARN_DIRECT_OBJC_ISA_USAGE = YES_ERROR;
				CLANG_WARN_EMPTY_BODY = YES;
				CLANG_WARN_ENUM_CONVERSION = YES;
				CLANG_WARN_INT_CONVERSION = YES;
				CLANG_WARN_OBJC_ROOT_CLASS = YES_ERROR;
				CLANG_WARN_UNREACHABLE_CODE = YES;
				CLANG_WARN__DUPLICATE_METHOD_MATCH = YES;
				COPY_PHASE_STRIP = YES;
				DEBUG_INFORMATION_FORMAT = "dwarf-with-dsym";
				ENABLE_NS_ASSERTIONS = NO;
				ENABLE_STRICT_OBJC_MSGSEND = YES;
				GCC_C_LANGUAGE_STANDARD = gnu99;
				GCC_WARN_64_TO_32_BIT_CONVERSION = YES;
				GCC_WARN_ABOUT_RETURN_TYPE = YES_ERROR;
				GCC_WARN_UNDECLARED_SELECTOR = YES;
				GCC_WARN_UNINITIALIZED_AUTOS = YES_AGGRESSIVE;
				GCC_WARN_UNUSED_FUNCTION = YES;
				GCC_WARN_UNUSED_VARIABLE = YES;
				MACOSX_DEPLOYMENT_TARGET = 10.10;
				MTL_ENABLE_DEBUG_INFO = NO;
				SDKROOT = macosx;
			};
			name = Release;
		};
		DBF5EDCA1A5EC1F5005B129E /* Debug */ = {
			isa = XCBuildConfiguration;
			buildSettings = {
				PRODUCT_NAME = "$(TARGET_NAME)";
			};
			name = Debug;
		};
		DBF5EDCB1A5EC1F5005B129E /* Release */ = {
			isa = XCBuildConfiguration;
			buildSettings = {
				PRODUCT_NAME = "$(TARGET_NAME)";
			};
			name = Release;
		};
/* End XCBuildConfiguration section */

/* Begin XCConfigurationList section */
		DBF5EDBD1A5EC1F4005B129E /* Build configuration list for PBXProject "ex04_add10_double" */ = {
			isa = XCConfigurationList;
			buildConfigurations = (
				DBF5EDC71A5EC1F5005B129E /* Debug */,
				DBF5EDC81A5EC1F5005B129E /* Release */,
			);
			defaultConfigurationIsVisible = 0;
			defaultConfigurationName = Release;
		};
		DBF5EDC91A5EC1F5005B129E /* Build configuration list for PBXNativeTarget "ex04_add10_double" */ = {
			isa = XCConfigurationList;
			buildConfigurations = (
				DBF5EDCA1A5EC1F5005B129E /* Debug */,
				DBF5EDCB1A5EC1F5005B129E /* Release */,
			);
			defaultConfigurationIsVisible = 0;
		};
/* End XCConfigurationList section */
	};
	rootObject = DBF5EDBA1A5EC1F4005B129E /* Project object */;
}
