// !$*UTF8*$!
{
	archiveVersion = 1;
	classes = {
	};
	objectVersion = 46;
	objects = {

/* Begin PBXBuildFile section */
		DB9E1C241A69245900B194C1 /* main.c in Sources */ = {isa = PBXBuildFile; fileRef = DB9E1C231A69245900B194C1 /* main.c */; };
		DBB77C341A6A2A9900A86DF7 /* GLUT.framework in Frameworks */ = {isa = PBXBuildFile; fileRef = DBB77C331A6A2A9900A86DF7 /* GLUT.framework */; };
		DBB77C511A6A3A0800A86DF7 /* OpenGL.framework in Frameworks */ = {isa = PBXBuildFile; fileRef = DBB77C501A6A3A0800A86DF7 /* OpenGL.framework */; };
/* End PBXBuildFile section */

/* Begin PBXCopyFilesBuildPhase section */
		DB9E1C1E1A69245900B194C1 /* CopyFiles */ = {
			isa = PBXCopyFilesBuildPhase;
			buildActionMask = 2147483647;
			dstPath = /usr/share/man/man1/;
			dstSubfolderSpec = 0;
			files = (
			);
			runOnlyForDeploymentPostprocessing = 1;
		};
/* End PBXCopyFilesBuildPhase section */

/* Begin PBXFileReference section */
		DB9E1C201A69245900B194C1 /* 7.2.4_oneline */ = {isa = PBXFileReference; explicitFileType = "compiled.mach-o.executable"; includeInIndex = 0; path = 7.2.4_oneline; sourceTree = BUILT_PRODUCTS_DIR; };
		DB9E1C231A69245900B194C1 /* main.c */ = {isa = PBXFileReference; lastKnownFileType = sourcecode.c.c; path = main.c; sourceTree = "<group>"; };
		DBB77C331A6A2A9900A86DF7 /* GLUT.framework */ = {isa = PBXFileReference; lastKnownFileType = wrapper.framework; name = GLUT.framework; path = System/Library/Frameworks/GLUT.framework; sourceTree = SDKROOT; };
		DBB77C501A6A3A0800A86DF7 /* OpenGL.framework */ = {isa = PBXFileReference; lastKnownFileType = wrapper.framework; name = OpenGL.framework; path = System/Library/Frameworks/OpenGL.framework; sourceTree = SDKROOT; };
/* End PBXFileReference section */

/* Begin PBXFrameworksBuildPhase section */
		DB9E1C1D1A69245900B194C1 /* Frameworks */ = {
			isa = PBXFrameworksBuildPhase;
			buildActionMask = 2147483647;
			files = (
				DBB77C511A6A3A0800A86DF7 /* OpenGL.framework in Frameworks */,
				DBB77C341A6A2A9900A86DF7 /* GLUT.framework in Frameworks */,
			);
			runOnlyForDeploymentPostprocessing = 0;
		};
/* End PBXFrameworksBuildPhase section */

/* Begin PBXGroup section */
		DB9E1C171A69245900B194C1 = {
			isa = PBXGroup;
			children = (
				DBB77C501A6A3A0800A86DF7 /* OpenGL.framework */,
				DBB77C331A6A2A9900A86DF7 /* GLUT.framework */,
				DB9E1C221A69245900B194C1 /* 7.2.4_oneline */,
				DB9E1C211A69245900B194C1 /* Products */,
			);
			sourceTree = "<group>";
		};
		DB9E1C211A69245900B194C1 /* Products */ = {
			isa = PBXGroup;
			children = (
				DB9E1C201A69245900B194C1 /* 7.2.4_oneline */,
			);
			name = Products;
			sourceTree = "<group>";
		};
		DB9E1C221A69245900B194C1 /* 7.2.4_oneline */ = {
			isa = PBXGroup;
			children = (
				DB9E1C231A69245900B194C1 /* main.c */,
			);
			path = 7.2.4_oneline;
			sourceTree = "<group>";
		};
/* End PBXGroup section */

/* Begin PBXNativeTarget section */
		DB9E1C1F1A69245900B194C1 /* 7.2.4_oneline */ = {
			isa = PBXNativeTarget;
			buildConfigurationList = DB9E1C271A69245900B194C1 /* Build configuration list for PBXNativeTarget "7.2.4_oneline" */;
			buildPhases = (
				DB9E1C1C1A69245900B194C1 /* Sources */,
				DB9E1C1D1A69245900B194C1 /* Frameworks */,
				DB9E1C1E1A69245900B194C1 /* CopyFiles */,
			);
			buildRules = (
			);
			dependencies = (
			);
			name = 7.2.4_oneline;
			productName = 7.2.4_oneline;
			productReference = DB9E1C201A69245900B194C1 /* 7.2.4_oneline */;
			productType = "com.apple.product-type.tool";
		};
/* End PBXNativeTarget section */

/* Begin PBXProject section */
		DB9E1C181A69245900B194C1 /* Project object */ = {
			isa = PBXProject;
			attributes = {
				LastUpgradeCheck = 0610;
				ORGANIZATIONNAME = "Cirno MainasuK";
				TargetAttributes = {
					DB9E1C1F1A69245900B194C1 = {
						CreatedOnToolsVersion = 6.1;
					};
				};
			};
			buildConfigurationList = DB9E1C1B1A69245900B194C1 /* Build configuration list for PBXProject "7.2.4_oneline" */;
			compatibilityVersion = "Xcode 3.2";
			developmentRegion = English;
			hasScannedForEncodings = 0;
			knownRegions = (
				en,
			);
			mainGroup = DB9E1C171A69245900B194C1;
			productRefGroup = DB9E1C211A69245900B194C1 /* Products */;
			projectDirPath = "";
			projectRoot = "";
			targets = (
				DB9E1C1F1A69245900B194C1 /* 7.2.4_oneline */,
			);
		};
/* End PBXProject section */

/* Begin PBXSourcesBuildPhase section */
		DB9E1C1C1A69245900B194C1 /* Sources */ = {
			isa = PBXSourcesBuildPhase;
			buildActionMask = 2147483647;
			files = (
				DB9E1C241A69245900B194C1 /* main.c in Sources */,
			);
			runOnlyForDeploymentPostprocessing = 0;
		};
/* End PBXSourcesBuildPhase section */

/* Begin XCBuildConfiguration section */
		DB9E1C251A69245900B194C1 /* Debug */ = {
			isa = XCBuildConfiguration;
			buildSettings = {
				ALWAYS_SEARCH_USER_PATHS = NO;
				CLANG_CXX_LANGUAGE_STANDARD = "gnu++0x";
				CLANG_CXX_LIBRARY = "libc++";
				CLANG_ENABLE_MODULES = YES;
				CLANG_ENABLE_OBJC_ARC = YES;
				CLANG_WARN_BOOL_CONVERSION = YES;
				CLANG_WARN_CONSTANT_CONVERSION = YES;
				CLANG_WARN_DIRECT_OBJC_ISA_USAGE = YES_ERROR;
				CLANG_WARN_EMPTY_BODY = YES;
				CLANG_WARN_ENUM_CONVERSION = YES;
				CLANG_WARN_INT_CONVERSION = YES;
				CLANG_WARN_OBJC_ROOT_CLASS = YES_ERROR;
				CLANG_WARN_UNREACHABLE_CODE = YES;
				CLANG_WARN__DUPLICATE_METHOD_MATCH = YES;
				COPY_PHASE_STRIP = NO;
				ENABLE_STRICT_OBJC_MSGSEND = YES;
				GCC_C_LANGUAGE_STANDARD = gnu99;
				GCC_DYNAMIC_NO_PIC = NO;
				GCC_OPTIMIZATION_LEVEL = 0;
				GCC_PREPROCESSOR_DEFINITIONS = (
					"DEBUG=1",
					"$(inherited)",
				);
				GCC_SYMBOLS_PRIVATE_EXTERN = NO;
				GCC_WARN_64_TO_32_BIT_CONVERSION = YES;
				GCC_WARN_ABOUT_RETURN_TYPE = YES_ERROR;
				GCC_WARN_UNDECLARED_SELECTOR = YES;
				GCC_WARN_UNINITIALIZED_AUTOS = YES_AGGRESSIVE;
				GCC_WARN_UNUSED_FUNCTION = YES;
				GCC_WARN_UNUSED_VARIABLE = YES;
				MACOSX_DEPLOYMENT_TARGET = 10.10;
				MTL_ENABLE_DEBUG_INFO = YES;
				ONLY_ACTIVE_ARCH = YES;
				SDKROOT = macosx;
			};
			name = Debug;
		};
		DB9E1C261A69245900B194C1 /* Release */ = {
			isa = XCBuildConfiguration;
			buildSettings = {
				ALWAYS_SEARCH_USER_PATHS = NO;
				CLANG_CXX_LANGUAGE_STANDARD = "gnu++0x";
				CLANG_CXX_LIBRARY = "libc++";
				CLANG_ENABLE_MODULES = YES;
				CLANG_ENABLE_OBJC_ARC = YES;
				CLANG_WARN_BOOL_CONVERSION = YES;
				CLANG_WARN_CONSTANT_CONVERSION = YES;
				CLANG_WARN_DIRECT_OBJC_ISA_USAGE = YES_ERROR;
				CLANG_WARN_EMPTY_BODY = YES;
				CLANG_WARN_ENUM_CONVERSION = YES;
				CLANG_WARN_INT_CONVERSION = YES;
				CLANG_WARN_OBJC_ROOT_CLASS = YES_ERROR;
				CLANG_WARN_UNREACHABLE_CODE = YES;
				CLANG_WARN__DUPLICATE_METHOD_MATCH = YES;
				COPY_PHASE_STRIP = YES;
				DEBUG_INFORMATION_FORMAT = "dwarf-with-dsym";
				ENABLE_NS_ASSERTIONS = NO;
				ENABLE_STRICT_OBJC_MSGSEND = YES;
				GCC_C_LANGUAGE_STANDARD = gnu99;
				GCC_WARN_64_TO_32_BIT_CONVERSION = YES;
				GCC_WARN_ABOUT_RETURN_TYPE = YES_ERROR;
				GCC_WARN_UNDECLARED_SELECTOR = YES;
				GCC_WARN_UNINITIALIZED_AUTOS = YES_AGGRESSIVE;
				GCC_WARN_UNUSED_FUNCTION = YES;
				GCC_WARN_UNUSED_VARIABLE = YES;
				MACOSX_DEPLOYMENT_TARGET = 10.10;
				MTL_ENABLE_DEBUG_INFO = NO;
				SDKROOT = macosx;
			};
			name = Release;
		};
		DB9E1C281A69245900B194C1 /* Debug */ = {
			isa = XCBuildConfiguration;
			buildSettings = {
				PRODUCT_NAME = "$(TARGET_NAME)";
			};
			name = Debug;
		};
		DB9E1C291A69245900B194C1 /* Release */ = {
			isa = XCBuildConfiguration;
			buildSettings = {
				PRODUCT_NAME = "$(TARGET_NAME)";
			};
			name = Release;
		};
/* End XCBuildConfiguration section */

/* Begin XCConfigurationList section */
		DB9E1C1B1A69245900B194C1 /* Build configuration list for PBXProject "7.2.4_oneline" */ = {
			isa = XCConfigurationList;
			buildConfigurations = (
				DB9E1C251A69245900B194C1 /* Debug */,
				DB9E1C261A69245900B194C1 /* Release */,
			);
			defaultConfigurationIsVisible = 0;
			defaultConfigurationName = Release;
		};
		DB9E1C271A69245900B194C1 /* Build configuration list for PBXNativeTarget "7.2.4_oneline" */ = {
			isa = XCConfigurationList;
			buildConfigurations = (
				DB9E1C281A69245900B194C1 /* Debug */,
				DB9E1C291A69245900B194C1 /* Release */,
			);
			defaultConfigurationIsVisible = 0;
			defaultConfigurationName = Release;
		};
/* End XCConfigurationList section */
	};
	rootObject = DB9E1C181A69245900B194C1 /* Project object */;
}
