// !$*UTF8*$!
{
	archiveVersion = 1;
	classes = {
	};
	objectVersion = 46;
	objects = {

/* Begin PBXBuildFile section */
		DB86FE671A7E5E1500716189 /* main.c in Sources */ = {isa = PBXBuildFile; fileRef = DB86FE661A7E5E1500716189 /* main.c */; };
/* End PBXBuildFile section */

/* Begin PBXCopyFilesBuildPhase section */
		DB86FE611A7E5E1500716189 /* CopyFiles */ = {
			isa = PBXCopyFilesBuildPhase;
			buildActionMask = 2147483647;
			dstPath = /usr/share/man/man1/;
			dstSubfolderSpec = 0;
			files = (
			);
			runOnlyForDeploymentPostprocessing = 1;
		};
/* End PBXCopyFilesBuildPhase section */

/* Begin PBXFileReference section */
		DB86FE631A7E5E1500716189 /* ex03_isSorted */ = {isa = PBXFileReference; explicitFileType = "compiled.mach-o.executable"; includeInIndex = 0; path = ex03_isSorted; sourceTree = BUILT_PRODUCTS_DIR; };
		DB86FE661A7E5E1500716189 /* main.c */ = {isa = PBXFileReference; lastKnownFileType = sourcecode.c.c; path = main.c; sourceTree = "<group>"; };
/* End PBXFileReference section */

/* Begin PBXFrameworksBuildPhase section */
		DB86FE601A7E5E1500716189 /* Frameworks */ = {
			isa = PBXFrameworksBuildPhase;
			buildActionMask = 2147483647;
			files = (
			);
			runOnlyForDeploymentPostprocessing = 0;
		};
/* End PBXFrameworksBuildPhase section */

/* Begin PBXGroup section */
		DB86FE5A1A7E5E1500716189 = {
			isa = PBXGroup;
			children = (
				DB86FE651A7E5E1500716189 /* ex03_isSorted */,
				DB86FE641A7E5E1500716189 /* Products */,
			);
			sourceTree = "<group>";
		};
		DB86FE641A7E5E1500716189 /* Products */ = {
			isa = PBXGroup;
			children = (
				DB86FE631A7E5E1500716189 /* ex03_isSorted */,
			);
			name = Products;
			sourceTree = "<group>";
		};
		DB86FE651A7E5E1500716189 /* ex03_isSorted */ = {
			isa = PBXGroup;
			children = (
				DB86FE661A7E5E1500716189 /* main.c */,
			);
			path = ex03_isSorted;
			sourceTree = "<group>";
		};
/* End PBXGroup section */

/* Begin PBXNativeTarget section */
		DB86FE621A7E5E1500716189 /* ex03_isSorted */ = {
			isa = PBXNativeTarget;
			buildConfigurationList = DB86FE6A1A7E5E1500716189 /* Build configuration list for PBXNativeTarget "ex03_isSorted" */;
			buildPhases = (
				DB86FE5F1A7E5E1500716189 /* Sources */,
				DB86FE601A7E5E1500716189 /* Frameworks */,
				DB86FE611A7E5E1500716189 /* CopyFiles */,
			);
			buildRules = (
			);
			dependencies = (
			);
			name = ex03_isSorted;
			productName = ex03_isSorted;
			productReference = DB86FE631A7E5E1500716189 /* ex03_isSorted */;
			productType = "com.apple.product-type.tool";
		};
/* End PBXNativeTarget section */

/* Begin PBXProject section */
		DB86FE5B1A7E5E1500716189 /* Project object */ = {
			isa = PBXProject;
			attributes = {
				LastUpgradeCheck = 0610;
				ORGANIZATIONNAME = "Cirno MainasuK";
				TargetAttributes = {
					DB86FE621A7E5E1500716189 = {
						CreatedOnToolsVersion = 6.1;
					};
				};
			};
			buildConfigurationList = DB86FE5E1A7E5E1500716189 /* Build configuration list for PBXProject "ex03_isSorted" */;
			compatibilityVersion = "Xcode 3.2";
			developmentRegion = English;
			hasScannedForEncodings = 0;
			knownRegions = (
				en,
			);
			mainGroup = DB86FE5A1A7E5E1500716189;
			productRefGroup = DB86FE641A7E5E1500716189 /* Products */;
			projectDirPath = "";
			projectRoot = "";
			targets = (
				DB86FE621A7E5E1500716189 /* ex03_isSorted */,
			);
		};
/* End PBXProject section */

/* Begin PBXSourcesBuildPhase section */
		DB86FE5F1A7E5E1500716189 /* Sources */ = {
			isa = PBXSourcesBuildPhase;
			buildActionMask = 2147483647;
			files = (
				DB86FE671A7E5E1500716189 /* main.c in Sources */,
			);
			runOnlyForDeploymentPostprocessing = 0;
		};
/* End PBXSourcesBuildPhase section */

/* Begin XCBuildConfiguration section */
		DB86FE681A7E5E1500716189 /* Debug */ = {
			isa = XCBuildConfiguration;
			buildSettings = {
				ALWAYS_SEARCH_USER_PATHS = NO;
				CLANG_CXX_LANGUAGE_STANDARD = "gnu++0x";
				CLANG_CXX_LIBRARY = "libc++";
				CLANG_ENABLE_MODULES = YES;
				CLANG_ENABLE_OBJC_ARC = YES;
				CLANG_WARN_BOOL_CONVERSION = YES;
				CLANG_WARN_CONSTANT_CONVERSION = YES;
				CLANG_WARN_DIRECT_OBJC_ISA_USAGE = YES_ERROR;
				CLANG_WARN_EMPTY_BODY = YES;
				CLANG_WARN_ENUM_CONVERSION = YES;
				CLANG_WARN_INT_CONVERSION = YES;
				CLANG_WARN_OBJC_ROOT_CLASS = YES_ERROR;
				CLANG_WARN_UNREACHABLE_CODE = YES;
				CLANG_WARN__DUPLICATE_METHOD_MATCH = YES;
				COPY_PHASE_STRIP = NO;
				ENABLE_STRICT_OBJC_MSGSEND = YES;
				GCC_C_LANGUAGE_STANDARD = gnu99;
				GCC_DYNAMIC_NO_PIC = NO;
				GCC_OPTIMIZATION_LEVEL = 0;
				GCC_PREPROCESSOR_DEFINITIONS = (
					"DEBUG=1",
					"$(inherited)",
				);
				GCC_SYMBOLS_PRIVATE_EXTERN = NO;
				GCC_WARN_64_TO_32_BIT_CONVERSION = YES;
				GCC_WARN_ABOUT_RETURN_TYPE = YES_ERROR;
				GCC_WARN_UNDECLARED_SELECTOR = YES;
				GCC_WARN_UNINITIALIZED_AUTOS = YES_AGGRESSIVE;
				GCC_WARN_UNUSED_FUNCTION = YES;
				GCC_WARN_UNUSED_VARIABLE = YES;
				MACOSX_DEPLOYMENT_TARGET = 10.10;
				MTL_ENABLE_DEBUG_INFO = YES;
				ONLY_ACTIVE_ARCH = YES;
				SDKROOT = macosx;
			};
			name = Debug;
		};
		DB86FE691A7E5E1500716189 /* Release */ = {
			isa = XCBuildConfiguration;
			buildSettings = {
				ALWAYS_SEARCH_USER_PATHS = NO;
				CLANG_CXX_LANGUAGE_STANDARD = "gnu++0x";
				CLANG_CXX_LIBRARY = "libc++";
				CLANG_ENABLE_MODULES = YES;
				CLANG_ENABLE_OBJC_ARC = YES;
				CLANG_WARN_BOOL_CONVERSION = YES;
				CLANG_WARN_CONSTANT_CONVERSION = YES;
				CLANG_WARN_DIRECT_OBJC_ISA_USAGE = YES_ERROR;
				CLANG_WARN_EMPTY_BODY = YES;
				CLANG_WARN_ENUM_CONVERSION = YES;
				CLANG_WARN_INT_CONVERSION = YES;
				CLANG_WARN_OBJC_ROOT_CLASS = YES_ERROR;
				CLANG_WARN_UNREACHABLE_CODE = YES;
				CLANG_WARN__DUPLICATE_METHOD_MATCH = YES;
				COPY_PHASE_STRIP = YES;
				DEBUG_INFORMATION_FORMAT = "dwarf-with-dsym";
				ENABLE_NS_ASSERTIONS = NO;
				ENABLE_STRICT_OBJC_MSGSEND = YES;
				GCC_C_LANGUAGE_STANDARD = gnu99;
				GCC_WARN_64_TO_32_BIT_CONVERSION = YES;
				GCC_WARN_ABOUT_RETURN_TYPE = YES_ERROR;
				GCC_WARN_UNDECLARED_SELECTOR = YES;
				GCC_WARN_UNINITIALIZED_AUTOS = YES_AGGRESSIVE;
				GCC_WARN_UNUSED_FUNCTION = YES;
				GCC_WARN_UNUSED_VARIABLE = YES;
				MACOSX_DEPLOYMENT_TARGET = 10.10;
				MTL_ENABLE_DEBUG_INFO = NO;
				SDKROOT = macosx;
			};
			name = Release;
		};
		DB86FE6B1A7E5E1500716189 /* Debug */ = {
			isa = XCBuildConfiguration;
			buildSettings = {
				PRODUCT_NAME = "$(TARGET_NAME)";
			};
			name = Debug;
		};
		DB86FE6C1A7E5E1500716189 /* Release */ = {
			isa = XCBuildConfiguration;
			buildSettings = {
				PRODUCT_NAME = "$(TARGET_NAME)";
			};
			name = Release;
		};
/* End XCBuildConfiguration section */

/* Begin XCConfigurationList section */
		DB86FE5E1A7E5E1500716189 /* Build configuration list for PBXProject "ex03_isSorted" */ = {
			isa = XCConfigurationList;
			buildConfigurations = (
				DB86FE681A7E5E1500716189 /* Debug */,
				DB86FE691A7E5E1500716189 /* Release */,
			);
			defaultConfigurationIsVisible = 0;
			defaultConfigurationName = Release;
		};
		DB86FE6A1A7E5E1500716189 /* Build configuration list for PBXNativeTarget "ex03_isSorted" */ = {
			isa = XCConfigurationList;
			buildConfigurations = (
				DB86FE6B1A7E5E1500716189 /* Debug */,
				DB86FE6C1A7E5E1500716189 /* Release */,
			);
			defaultConfigurationIsVisible = 0;
		};
/* End XCConfigurationList section */
	};
	rootObject = DB86FE5B1A7E5E1500716189 /* Project object */;
}
