// !$*UTF8*$!
{
	archiveVersion = 1;
	classes = {
	};
	objectVersion = 46;
	objects = {

/* Begin PBXBuildFile section */
		DB86FF0E1A7FBC4400716189 /* main.c in Sources */ = {isa = PBXBuildFile; fileRef = DB86FF0D1A7FBC4400716189 /* main.c */; };
		DB86FF231A7FBD4E00716189 /* genlib.c in Sources */ = {isa = PBXBuildFile; fileRef = DB86FF151A7FBD4E00716189 /* genlib.c */; };
		DB86FF241A7FBD4E00716189 /* graphics.c in Sources */ = {isa = PBXBuildFile; fileRef = DB86FF171A7FBD4E00716189 /* graphics.c */; };
		DB86FF251A7FBD4E00716189 /* Makefile in Sources */ = {isa = PBXBuildFile; fileRef = DB86FF191A7FBD4E00716189 /* Makefile */; };
		DB86FF261A7FBD4E00716189 /* random.c in Sources */ = {isa = PBXBuildFile; fileRef = DB86FF1A1A7FBD4E00716189 /* random.c */; };
		DB86FF271A7FBD4E00716189 /* simpio.c in Sources */ = {isa = PBXBuildFile; fileRef = DB86FF1D1A7FBD4E00716189 /* simpio.c */; };
		DB86FF281A7FBD4E00716189 /* strlib.c in Sources */ = {isa = PBXBuildFile; fileRef = DB86FF1F1A7FBD4E00716189 /* strlib.c */; };
		DB86FF291A7FBD4E00716189 /* sort.c in Sources */ = {isa = PBXBuildFile; fileRef = DB86FF211A7FBD4E00716189 /* sort.c */; };
		DB86FF2C1A7FBD9E00716189 /* removeZeroElements.c in Sources */ = {isa = PBXBuildFile; fileRef = DB86FF2A1A7FBD9E00716189 /* removeZeroElements.c */; };
/* End PBXBuildFile section */

/* Begin PBXCopyFilesBuildPhase section */
		DB86FF081A7FBC4400716189 /* CopyFiles */ = {
			isa = PBXCopyFilesBuildPhase;
			buildActionMask = 2147483647;
			dstPath = /usr/share/man/man1/;
			dstSubfolderSpec = 0;
			files = (
			);
			runOnlyForDeploymentPostprocessing = 1;
		};
/* End PBXCopyFilesBuildPhase section */

/* Begin PBXFileReference section */
		DB86FF0A1A7FBC4400716189 /* ex07_removeZeroElements */ = {isa = PBXFileReference; explicitFileType = "compiled.mach-o.executable"; includeInIndex = 0; path = ex07_removeZeroElements; sourceTree = BUILT_PRODUCTS_DIR; };
		DB86FF0D1A7FBC4400716189 /* main.c */ = {isa = PBXFileReference; lastKnownFileType = sourcecode.c.c; path = main.c; sourceTree = "<group>"; };
		DB86FF151A7FBD4E00716189 /* genlib.c */ = {isa = PBXFileReference; fileEncoding = 4; lastKnownFileType = sourcecode.c.c; path = genlib.c; sourceTree = "<group>"; };
		DB86FF161A7FBD4E00716189 /* genlib.h */ = {isa = PBXFileReference; fileEncoding = 4; lastKnownFileType = sourcecode.c.h; path = genlib.h; sourceTree = "<group>"; };
		DB86FF171A7FBD4E00716189 /* graphics.c */ = {isa = PBXFileReference; fileEncoding = 4; lastKnownFileType = sourcecode.c.c; path = graphics.c; sourceTree = "<group>"; };
		DB86FF181A7FBD4E00716189 /* graphics.h */ = {isa = PBXFileReference; fileEncoding = 4; lastKnownFileType = sourcecode.c.h; path = graphics.h; sourceTree = "<group>"; };
		DB86FF191A7FBD4E00716189 /* Makefile */ = {isa = PBXFileReference; fileEncoding = 4; lastKnownFileType = sourcecode.make; path = Makefile; sourceTree = "<group>"; };
		DB86FF1A1A7FBD4E00716189 /* random.c */ = {isa = PBXFileReference; fileEncoding = 4; lastKnownFileType = sourcecode.c.c; path = random.c; sourceTree = "<group>"; };
		DB86FF1B1A7FBD4E00716189 /* random.h */ = {isa = PBXFileReference; fileEncoding = 4; lastKnownFileType = sourcecode.c.h; path = random.h; sourceTree = "<group>"; };
		DB86FF1C1A7FBD4E00716189 /* README */ = {isa = PBXFileReference; fileEncoding = 4; lastKnownFileType = text; path = README; sourceTree = "<group>"; };
		DB86FF1D1A7FBD4E00716189 /* simpio.c */ = {isa = PBXFileReference; fileEncoding = 4; lastKnownFileType = sourcecode.c.c; path = simpio.c; sourceTree = "<group>"; };
		DB86FF1E1A7FBD4E00716189 /* simpio.h */ = {isa = PBXFileReference; fileEncoding = 4; lastKnownFileType = sourcecode.c.h; path = simpio.h; sourceTree = "<group>"; };
		DB86FF1F1A7FBD4E00716189 /* strlib.c */ = {isa = PBXFileReference; fileEncoding = 4; lastKnownFileType = sourcecode.c.c; path = strlib.c; sourceTree = "<group>"; };
		DB86FF201A7FBD4E00716189 /* strlib.h */ = {isa = PBXFileReference; fileEncoding = 4; lastKnownFileType = sourcecode.c.h; path = strlib.h; sourceTree = "<group>"; };
		DB86FF211A7FBD4E00716189 /* sort.c */ = {isa = PBXFileReference; fileEncoding = 4; lastKnownFileType = sourcecode.c.c; path = sort.c; sourceTree = "<group>"; };
		DB86FF221A7FBD4E00716189 /* sort.h */ = {isa = PBXFileReference; fileEncoding = 4; lastKnownFileType = sourcecode.c.h; path = sort.h; sourceTree = "<group>"; };
		DB86FF2A1A7FBD9E00716189 /* removeZeroElements.c */ = {isa = PBXFileReference; fileEncoding = 4; lastKnownFileType = sourcecode.c.c; path = removeZeroElements.c; sourceTree = "<group>"; };
		DB86FF2B1A7FBD9E00716189 /* removeZeroElements.h */ = {isa = PBXFileReference; fileEncoding = 4; lastKnownFileType = sourcecode.c.h; path = removeZeroElements.h; sourceTree = "<group>"; };
/* End PBXFileReference section */

/* Begin PBXFrameworksBuildPhase section */
		DB86FF071A7FBC4400716189 /* Frameworks */ = {
			isa = PBXFrameworksBuildPhase;
			buildActionMask = 2147483647;
			files = (
			);
			runOnlyForDeploymentPostprocessing = 0;
		};
/* End PBXFrameworksBuildPhase section */

/* Begin PBXGroup section */
		DB86FF011A7FBC4400716189 = {
			isa = PBXGroup;
			children = (
				DB86FF0C1A7FBC4400716189 /* ex07_removeZeroElements */,
				DB86FF0B1A7FBC4400716189 /* Products */,
			);
			sourceTree = "<group>";
		};
		DB86FF0B1A7FBC4400716189 /* Products */ = {
			isa = PBXGroup;
			children = (
				DB86FF0A1A7FBC4400716189 /* ex07_removeZeroElements */,
			);
			name = Products;
			sourceTree = "<group>";
		};
		DB86FF0C1A7FBC4400716189 /* ex07_removeZeroElements */ = {
			isa = PBXGroup;
			children = (
				DB86FF0D1A7FBC4400716189 /* main.c */,
				DB86FF2A1A7FBD9E00716189 /* removeZeroElements.c */,
				DB86FF2B1A7FBD9E00716189 /* removeZeroElements.h */,
				DB86FF141A7FBD4E00716189 /* simplified */,
				DB86FF211A7FBD4E00716189 /* sort.c */,
				DB86FF221A7FBD4E00716189 /* sort.h */,
			);
			path = ex07_removeZeroElements;
			sourceTree = "<group>";
		};
		DB86FF141A7FBD4E00716189 /* simplified */ = {
			isa = PBXGroup;
			children = (
				DB86FF151A7FBD4E00716189 /* genlib.c */,
				DB86FF161A7FBD4E00716189 /* genlib.h */,
				DB86FF171A7FBD4E00716189 /* graphics.c */,
				DB86FF181A7FBD4E00716189 /* graphics.h */,
				DB86FF191A7FBD4E00716189 /* Makefile */,
				DB86FF1A1A7FBD4E00716189 /* random.c */,
				DB86FF1B1A7FBD4E00716189 /* random.h */,
				DB86FF1C1A7FBD4E00716189 /* README */,
				DB86FF1D1A7FBD4E00716189 /* simpio.c */,
				DB86FF1E1A7FBD4E00716189 /* simpio.h */,
				DB86FF1F1A7FBD4E00716189 /* strlib.c */,
				DB86FF201A7FBD4E00716189 /* strlib.h */,
			);
			path = simplified;
			sourceTree = "<group>";
		};
/* End PBXGroup section */

/* Begin PBXNativeTarget section */
		DB86FF091A7FBC4400716189 /* ex07_removeZeroElements */ = {
			isa = PBXNativeTarget;
			buildConfigurationList = DB86FF111A7FBC4400716189 /* Build configuration list for PBXNativeTarget "ex07_removeZeroElements" */;
			buildPhases = (
				DB86FF061A7FBC4400716189 /* Sources */,
				DB86FF071A7FBC4400716189 /* Frameworks */,
				DB86FF081A7FBC4400716189 /* CopyFiles */,
			);
			buildRules = (
			);
			dependencies = (
			);
			name = ex07_removeZeroElements;
			productName = ex07_removeZeroElements;
			productReference = DB86FF0A1A7FBC4400716189 /* ex07_removeZeroElements */;
			productType = "com.apple.product-type.tool";
		};
/* End PBXNativeTarget section */

/* Begin PBXProject section */
		DB86FF021A7FBC4400716189 /* Project object */ = {
			isa = PBXProject;
			attributes = {
				LastUpgradeCheck = 0610;
				ORGANIZATIONNAME = "Cirno MainasuK";
				TargetAttributes = {
					DB86FF091A7FBC4400716189 = {
						CreatedOnToolsVersion = 6.1;
					};
				};
			};
			buildConfigurationList = DB86FF051A7FBC4400716189 /* Build configuration list for PBXProject "ex07_removeZeroElements" */;
			compatibilityVersion = "Xcode 3.2";
			developmentRegion = English;
			hasScannedForEncodings = 0;
			knownRegions = (
				en,
			);
			mainGroup = DB86FF011A7FBC4400716189;
			productRefGroup = DB86FF0B1A7FBC4400716189 /* Products */;
			projectDirPath = "";
			projectRoot = "";
			targets = (
				DB86FF091A7FBC4400716189 /* ex07_removeZeroElements */,
			);
		};
/* End PBXProject section */

/* Begin PBXSourcesBuildPhase section */
		DB86FF061A7FBC4400716189 /* Sources */ = {
			isa = PBXSourcesBuildPhase;
			buildActionMask = 2147483647;
			files = (
				DB86FF231A7FBD4E00716189 /* genlib.c in Sources */,
				DB86FF281A7FBD4E00716189 /* strlib.c in Sources */,
				DB86FF241A7FBD4E00716189 /* graphics.c in Sources */,
				DB86FF2C1A7FBD9E00716189 /* removeZeroElements.c in Sources */,
				DB86FF271A7FBD4E00716189 /* simpio.c in Sources */,
				DB86FF251A7FBD4E00716189 /* Makefile in Sources */,
				DB86FF261A7FBD4E00716189 /* random.c in Sources */,
				DB86FF0E1A7FBC4400716189 /* main.c in Sources */,
				DB86FF291A7FBD4E00716189 /* sort.c in Sources */,
			);
			runOnlyForDeploymentPostprocessing = 0;
		};
/* End PBXSourcesBuildPhase section */

/* Begin XCBuildConfiguration section */
		DB86FF0F1A7FBC4400716189 /* Debug */ = {
			isa = XCBuildConfiguration;
			buildSettings = {
				ALWAYS_SEARCH_USER_PATHS = NO;
				CLANG_CXX_LANGUAGE_STANDARD = "gnu++0x";
				CLANG_CXX_LIBRARY = "libc++";
				CLANG_ENABLE_MODULES = YES;
				CLANG_ENABLE_OBJC_ARC = YES;
				CLANG_WARN_BOOL_CONVERSION = YES;
				CLANG_WARN_CONSTANT_CONVERSION = YES;
				CLANG_WARN_DIRECT_OBJC_ISA_USAGE = YES_ERROR;
				CLANG_WARN_EMPTY_BODY = YES;
				CLANG_WARN_ENUM_CONVERSION = YES;
				CLANG_WARN_INT_CONVERSION = YES;
				CLANG_WARN_OBJC_ROOT_CLASS = YES_ERROR;
				CLANG_WARN_UNREACHABLE_CODE = YES;
				CLANG_WARN__DUPLICATE_METHOD_MATCH = YES;
				COPY_PHASE_STRIP = NO;
				ENABLE_STRICT_OBJC_MSGSEND = YES;
				GCC_C_LANGUAGE_STANDARD = gnu99;
				GCC_DYNAMIC_NO_PIC = NO;
				GCC_OPTIMIZATION_LEVEL = 0;
				GCC_PREPROCESSOR_DEFINITIONS = (
					"DEBUG=1",
					"$(inherited)",
				);
				GCC_SYMBOLS_PRIVATE_EXTERN = NO;
				GCC_WARN_64_TO_32_BIT_CONVERSION = YES;
				GCC_WARN_ABOUT_RETURN_TYPE = YES_ERROR;
				GCC_WARN_UNDECLARED_SELECTOR = YES;
				GCC_WARN_UNINITIALIZED_AUTOS = YES_AGGRESSIVE;
				GCC_WARN_UNUSED_FUNCTION = YES;
				GCC_WARN_UNUSED_VARIABLE = YES;
				MACOSX_DEPLOYMENT_TARGET = 10.10;
				MTL_ENABLE_DEBUG_INFO = YES;
				ONLY_ACTIVE_ARCH = YES;
				SDKROOT = macosx;
			};
			name = Debug;
		};
		DB86FF101A7FBC4400716189 /* Release */ = {
			isa = XCBuildConfiguration;
			buildSettings = {
				ALWAYS_SEARCH_USER_PATHS = NO;
				CLANG_CXX_LANGUAGE_STANDARD = "gnu++0x";
				CLANG_CXX_LIBRARY = "libc++";
				CLANG_ENABLE_MODULES = YES;
				CLANG_ENABLE_OBJC_ARC = YES;
				CLANG_WARN_BOOL_CONVERSION = YES;
				CLANG_WARN_CONSTANT_CONVERSION = YES;
				CLANG_WARN_DIRECT_OBJC_ISA_USAGE = YES_ERROR;
				CLANG_WARN_EMPTY_BODY = YES;
				CLANG_WARN_ENUM_CONVERSION = YES;
				CLANG_WARN_INT_CONVERSION = YES;
				CLANG_WARN_OBJC_ROOT_CLASS = YES_ERROR;
				CLANG_WARN_UNREACHABLE_CODE = YES;
				CLANG_WARN__DUPLICATE_METHOD_MATCH = YES;
				COPY_PHASE_STRIP = YES;
				DEBUG_INFORMATION_FORMAT = "dwarf-with-dsym";
				ENABLE_NS_ASSERTIONS = NO;
				ENABLE_STRICT_OBJC_MSGSEND = YES;
				GCC_C_LANGUAGE_STANDARD = gnu99;
				GCC_WARN_64_TO_32_BIT_CONVERSION = YES;
				GCC_WARN_ABOUT_RETURN_TYPE = YES_ERROR;
				GCC_WARN_UNDECLARED_SELECTOR = YES;
				GCC_WARN_UNINITIALIZED_AUTOS = YES_AGGRESSIVE;
				GCC_WARN_UNUSED_FUNCTION = YES;
				GCC_WARN_UNUSED_VARIABLE = YES;
				MACOSX_DEPLOYMENT_TARGET = 10.10;
				MTL_ENABLE_DEBUG_INFO = NO;
				SDKROOT = macosx;
			};
			name = Release;
		};
		DB86FF121A7FBC4400716189 /* Debug */ = {
			isa = XCBuildConfiguration;
			buildSettings = {
				PRODUCT_NAME = "$(TARGET_NAME)";
			};
			name = Debug;
		};
		DB86FF131A7FBC4400716189 /* Release */ = {
			isa = XCBuildConfiguration;
			buildSettings = {
				PRODUCT_NAME = "$(TARGET_NAME)";
			};
			name = Release;
		};
/* End XCBuildConfiguration section */

/* Begin XCConfigurationList section */
		DB86FF051A7FBC4400716189 /* Build configuration list for PBXProject "ex07_removeZeroElements" */ = {
			isa = XCConfigurationList;
			buildConfigurations = (
				DB86FF0F1A7FBC4400716189 /* Debug */,
				DB86FF101A7FBC4400716189 /* Release */,
			);
			defaultConfigurationIsVisible = 0;
			defaultConfigurationName = Release;
		};
		DB86FF111A7FBC4400716189 /* Build configuration list for PBXNativeTarget "ex07_removeZeroElements" */ = {
			isa = XCConfigurationList;
			buildConfigurations = (
				DB86FF121A7FBC4400716189 /* Debug */,
				DB86FF131A7FBC4400716189 /* Release */,
			);
			defaultConfigurationIsVisible = 0;
		};
/* End XCConfigurationList section */
	};
	rootObject = DB86FF021A7FBC4400716189 /* Project object */;
}
