// !$*UTF8*$!
{
	archiveVersion = 1;
	classes = {
	};
	objectVersion = 46;
	objects = {

/* Begin PBXBuildFile section */
		DB5F753D1A7B5118002021B9 /* main.c in Sources */ = {isa = PBXBuildFile; fileRef = DB5F753C1A7B5118002021B9 /* main.c */; };
		DB5F75451A7B51FC002021B9 /* judgeAverage.c in Sources */ = {isa = PBXBuildFile; fileRef = DB5F75431A7B51FC002021B9 /* judgeAverage.c */; };
/* End PBXBuildFile section */

/* Begin PBXCopyFilesBuildPhase section */
		DB5F75371A7B5118002021B9 /* CopyFiles */ = {
			isa = PBXCopyFilesBuildPhase;
			buildActionMask = 2147483647;
			dstPath = /usr/share/man/man1/;
			dstSubfolderSpec = 0;
			files = (
			);
			runOnlyForDeploymentPostprocessing = 1;
		};
/* End PBXCopyFilesBuildPhase section */

/* Begin PBXFileReference section */
		DB5F75391A7B5118002021B9 /* ex02_judge_average */ = {isa = PBXFileReference; explicitFileType = "compiled.mach-o.executable"; includeInIndex = 0; path = ex02_judge_average; sourceTree = BUILT_PRODUCTS_DIR; };
		DB5F753C1A7B5118002021B9 /* main.c */ = {isa = PBXFileReference; lastKnownFileType = sourcecode.c.c; path = main.c; sourceTree = "<group>"; };
		DB5F75431A7B51FC002021B9 /* judgeAverage.c */ = {isa = PBXFileReference; fileEncoding = 4; lastKnownFileType = sourcecode.c.c; path = judgeAverage.c; sourceTree = "<group>"; };
		DB5F75441A7B51FC002021B9 /* judgeAverage.h */ = {isa = PBXFileReference; fileEncoding = 4; lastKnownFileType = sourcecode.c.h; path = judgeAverage.h; sourceTree = "<group>"; };
/* End PBXFileReference section */

/* Begin PBXFrameworksBuildPhase section */
		DB5F75361A7B5118002021B9 /* Frameworks */ = {
			isa = PBXFrameworksBuildPhase;
			buildActionMask = 2147483647;
			files = (
			);
			runOnlyForDeploymentPostprocessing = 0;
		};
/* End PBXFrameworksBuildPhase section */

/* Begin PBXGroup section */
		DB5F75301A7B5118002021B9 = {
			isa = PBXGroup;
			children = (
				DB5F753B1A7B5118002021B9 /* ex02_judge_average */,
				DB5F753A1A7B5118002021B9 /* Products */,
			);
			sourceTree = "<group>";
		};
		DB5F753A1A7B5118002021B9 /* Products */ = {
			isa = PBXGroup;
			children = (
				DB5F75391A7B5118002021B9 /* ex02_judge_average */,
			);
			name = Products;
			sourceTree = "<group>";
		};
		DB5F753B1A7B5118002021B9 /* ex02_judge_average */ = {
			isa = PBXGroup;
			children = (
				DB5F753C1A7B5118002021B9 /* main.c */,
				DB5F75431A7B51FC002021B9 /* judgeAverage.c */,
				DB5F75441A7B51FC002021B9 /* judgeAverage.h */,
			);
			path = ex02_judge_average;
			sourceTree = "<group>";
		};
/* End PBXGroup section */

/* Begin PBXNativeTarget section */
		DB5F75381A7B5118002021B9 /* ex02_judge_average */ = {
			isa = PBXNativeTarget;
			buildConfigurationList = DB5F75401A7B5119002021B9 /* Build configuration list for PBXNativeTarget "ex02_judge_average" */;
			buildPhases = (
				DB5F75351A7B5118002021B9 /* Sources */,
				DB5F75361A7B5118002021B9 /* Frameworks */,
				DB5F75371A7B5118002021B9 /* CopyFiles */,
			);
			buildRules = (
			);
			dependencies = (
			);
			name = ex02_judge_average;
			productName = ex02_judge_average;
			productReference = DB5F75391A7B5118002021B9 /* ex02_judge_average */;
			productType = "com.apple.product-type.tool";
		};
/* End PBXNativeTarget section */

/* Begin PBXProject section */
		DB5F75311A7B5118002021B9 /* Project object */ = {
			isa = PBXProject;
			attributes = {
				LastUpgradeCheck = 0610;
				ORGANIZATIONNAME = "Cirno MainasuK";
				TargetAttributes = {
					DB5F75381A7B5118002021B9 = {
						CreatedOnToolsVersion = 6.1;
					};
				};
			};
			buildConfigurationList = DB5F75341A7B5118002021B9 /* Build configuration list for PBXProject "ex02_judge_average" */;
			compatibilityVersion = "Xcode 3.2";
			developmentRegion = English;
			hasScannedForEncodings = 0;
			knownRegions = (
				en,
			);
			mainGroup = DB5F75301A7B5118002021B9;
			productRefGroup = DB5F753A1A7B5118002021B9 /* Products */;
			projectDirPath = "";
			projectRoot = "";
			targets = (
				DB5F75381A7B5118002021B9 /* ex02_judge_average */,
			);
		};
/* End PBXProject section */

/* Begin PBXSourcesBuildPhase section */
		DB5F75351A7B5118002021B9 /* Sources */ = {
			isa = PBXSourcesBuildPhase;
			buildActionMask = 2147483647;
			files = (
				DB5F753D1A7B5118002021B9 /* main.c in Sources */,
				DB5F75451A7B51FC002021B9 /* judgeAverage.c in Sources */,
			);
			runOnlyForDeploymentPostprocessing = 0;
		};
/* End PBXSourcesBuildPhase section */

/* Begin XCBuildConfiguration section */
		DB5F753E1A7B5119002021B9 /* Debug */ = {
			isa = XCBuildConfiguration;
			buildSettings = {
				ALWAYS_SEARCH_USER_PATHS = NO;
				CLANG_CXX_LANGUAGE_STANDARD = "gnu++0x";
				CLANG_CXX_LIBRARY = "libc++";
				CLANG_ENABLE_MODULES = YES;
				CLANG_ENABLE_OBJC_ARC = YES;
				CLANG_WARN_BOOL_CONVERSION = YES;
				CLANG_WARN_CONSTANT_CONVERSION = YES;
				CLANG_WARN_DIRECT_OBJC_ISA_USAGE = YES_ERROR;
				CLANG_WARN_EMPTY_BODY = YES;
				CLANG_WARN_ENUM_CONVERSION = YES;
				CLANG_WARN_INT_CONVERSION = YES;
				CLANG_WARN_OBJC_ROOT_CLASS = YES_ERROR;
				CLANG_WARN_UNREACHABLE_CODE = YES;
				CLANG_WARN__DUPLICATE_METHOD_MATCH = YES;
				COPY_PHASE_STRIP = NO;
				ENABLE_STRICT_OBJC_MSGSEND = YES;
				GCC_C_LANGUAGE_STANDARD = gnu99;
				GCC_DYNAMIC_NO_PIC = NO;
				GCC_OPTIMIZATION_LEVEL = 0;
				GCC_PREPROCESSOR_DEFINITIONS = (
					"DEBUG=1",
					"$(inherited)",
				);
				GCC_SYMBOLS_PRIVATE_EXTERN = NO;
				GCC_WARN_64_TO_32_BIT_CONVERSION = YES;
				GCC_WARN_ABOUT_RETURN_TYPE = YES_ERROR;
				GCC_WARN_UNDECLARED_SELECTOR = YES;
				GCC_WARN_UNINITIALIZED_AUTOS = YES_AGGRESSIVE;
				GCC_WARN_UNUSED_FUNCTION = YES;
				GCC_WARN_UNUSED_VARIABLE = YES;
				MACOSX_DEPLOYMENT_TARGET = 10.10;
				MTL_ENABLE_DEBUG_INFO = YES;
				ONLY_ACTIVE_ARCH = YES;
				SDKROOT = macosx;
			};
			name = Debug;
		};
		DB5F753F1A7B5119002021B9 /* Release */ = {
			isa = XCBuildConfiguration;
			buildSettings = {
				ALWAYS_SEARCH_USER_PATHS = NO;
				CLANG_CXX_LANGUAGE_STANDARD = "gnu++0x";
				CLANG_CXX_LIBRARY = "libc++";
				CLANG_ENABLE_MODULES = YES;
				CLANG_ENABLE_OBJC_ARC = YES;
				CLANG_WARN_BOOL_CONVERSION = YES;
				CLANG_WARN_CONSTANT_CONVERSION = YES;
				CLANG_WARN_DIRECT_OBJC_ISA_USAGE = YES_ERROR;
				CLANG_WARN_EMPTY_BODY = YES;
				CLANG_WARN_ENUM_CONVERSION = YES;
				CLANG_WARN_INT_CONVERSION = YES;
				CLANG_WARN_OBJC_ROOT_CLASS = YES_ERROR;
				CLANG_WARN_UNREACHABLE_CODE = YES;
				CLANG_WARN__DUPLICATE_METHOD_MATCH = YES;
				COPY_PHASE_STRIP = YES;
				DEBUG_INFORMATION_FORMAT = "dwarf-with-dsym";
				ENABLE_NS_ASSERTIONS = NO;
				ENABLE_STRICT_OBJC_MSGSEND = YES;
				GCC_C_LANGUAGE_STANDARD = gnu99;
				GCC_WARN_64_TO_32_BIT_CONVERSION = YES;
				GCC_WARN_ABOUT_RETURN_TYPE = YES_ERROR;
				GCC_WARN_UNDECLARED_SELECTOR = YES;
				GCC_WARN_UNINITIALIZED_AUTOS = YES_AGGRESSIVE;
				GCC_WARN_UNUSED_FUNCTION = YES;
				GCC_WARN_UNUSED_VARIABLE = YES;
				MACOSX_DEPLOYMENT_TARGET = 10.10;
				MTL_ENABLE_DEBUG_INFO = NO;
				SDKROOT = macosx;
			};
			name = Release;
		};
		DB5F75411A7B5119002021B9 /* Debug */ = {
			isa = XCBuildConfiguration;
			buildSettings = {
				PRODUCT_NAME = "$(TARGET_NAME)";
			};
			name = Debug;
		};
		DB5F75421A7B5119002021B9 /* Release */ = {
			isa = XCBuildConfiguration;
			buildSettings = {
				PRODUCT_NAME = "$(TARGET_NAME)";
			};
			name = Release;
		};
/* End XCBuildConfiguration section */

/* Begin XCConfigurationList section */
		DB5F75341A7B5118002021B9 /* Build configuration list for PBXProject "ex02_judge_average" */ = {
			isa = XCConfigurationList;
			buildConfigurations = (
				DB5F753E1A7B5119002021B9 /* Debug */,
				DB5F753F1A7B5119002021B9 /* Release */,
			);
			defaultConfigurationIsVisible = 0;
			defaultConfigurationName = Release;
		};
		DB5F75401A7B5119002021B9 /* Build configuration list for PBXNativeTarget "ex02_judge_average" */ = {
			isa = XCConfigurationList;
			buildConfigurations = (
				DB5F75411A7B5119002021B9 /* Debug */,
				DB5F75421A7B5119002021B9 /* Release */,
			);
			defaultConfigurationIsVisible = 0;
		};
/* End XCConfigurationList section */
	};
	rootObject = DB5F75311A7B5118002021B9 /* Project object */;
}
