// !$*UTF8*$!
{
	archiveVersion = 1;
	classes = {
	};
	objectVersion = 46;
	objects = {

/* Begin PBXBuildFile section */
		DB20B8B01A714B5300783305 /* main.c in Sources */ = {isa = PBXBuildFile; fileRef = DB20B8AF1A714B5300783305 /* main.c */; };
		DB20B8B81A714B5E00783305 /* random.c in Sources */ = {isa = PBXBuildFile; fileRef = DB20B8B61A714B5D00783305 /* random.c */; };
/* End PBXBuildFile section */

/* Begin PBXCopyFilesBuildPhase section */
		DB20B8AA1A714B5300783305 /* CopyFiles */ = {
			isa = PBXCopyFilesBuildPhase;
			buildActionMask = 2147483647;
			dstPath = /usr/share/man/man1/;
			dstSubfolderSpec = 0;
			files = (
			);
			runOnlyForDeploymentPostprocessing = 1;
		};
/* End PBXCopyFilesBuildPhase section */

/* Begin PBXFileReference section */
		DB20B8AC1A714B5300783305 /* ex06_Monte_Carlo_method_PI */ = {isa = PBXFileReference; explicitFileType = "compiled.mach-o.executable"; includeInIndex = 0; path = ex06_Monte_Carlo_method_PI; sourceTree = BUILT_PRODUCTS_DIR; };
		DB20B8AF1A714B5300783305 /* main.c */ = {isa = PBXFileReference; lastKnownFileType = sourcecode.c.c; path = main.c; sourceTree = "<group>"; };
		DB20B8B61A714B5D00783305 /* random.c */ = {isa = PBXFileReference; fileEncoding = 4; lastKnownFileType = sourcecode.c.c; path = random.c; sourceTree = "<group>"; };
		DB20B8B71A714B5E00783305 /* random.h */ = {isa = PBXFileReference; fileEncoding = 4; lastKnownFileType = sourcecode.c.h; path = random.h; sourceTree = "<group>"; };
/* End PBXFileReference section */

/* Begin PBXFrameworksBuildPhase section */
		DB20B8A91A714B5300783305 /* Frameworks */ = {
			isa = PBXFrameworksBuildPhase;
			buildActionMask = 2147483647;
			files = (
			);
			runOnlyForDeploymentPostprocessing = 0;
		};
/* End PBXFrameworksBuildPhase section */

/* Begin PBXGroup section */
		DB20B8A31A714B5300783305 = {
			isa = PBXGroup;
			children = (
				DB20B8AE1A714B5300783305 /* ex06_Monte_Carlo_method_PI */,
				DB20B8AD1A714B5300783305 /* Products */,
			);
			sourceTree = "<group>";
		};
		DB20B8AD1A714B5300783305 /* Products */ = {
			isa = PBXGroup;
			children = (
				DB20B8AC1A714B5300783305 /* ex06_Monte_Carlo_method_PI */,
			);
			name = Products;
			sourceTree = "<group>";
		};
		DB20B8AE1A714B5300783305 /* ex06_Monte_Carlo_method_PI */ = {
			isa = PBXGroup;
			children = (
				DB20B8AF1A714B5300783305 /* main.c */,
				DB20B8B61A714B5D00783305 /* random.c */,
				DB20B8B71A714B5E00783305 /* random.h */,
			);
			path = ex06_Monte_Carlo_method_PI;
			sourceTree = "<group>";
		};
/* End PBXGroup section */

/* Begin PBXNativeTarget section */
		DB20B8AB1A714B5300783305 /* ex06_Monte_Carlo_method_PI */ = {
			isa = PBXNativeTarget;
			buildConfigurationList = DB20B8B31A714B5300783305 /* Build configuration list for PBXNativeTarget "ex06_Monte_Carlo_method_PI" */;
			buildPhases = (
				DB20B8A81A714B5300783305 /* Sources */,
				DB20B8A91A714B5300783305 /* Frameworks */,
				DB20B8AA1A714B5300783305 /* CopyFiles */,
			);
			buildRules = (
			);
			dependencies = (
			);
			name = ex06_Monte_Carlo_method_PI;
			productName = ex06_Monte_Carlo_method_PI;
			productReference = DB20B8AC1A714B5300783305 /* ex06_Monte_Carlo_method_PI */;
			productType = "com.apple.product-type.tool";
		};
/* End PBXNativeTarget section */

/* Begin PBXProject section */
		DB20B8A41A714B5300783305 /* Project object */ = {
			isa = PBXProject;
			attributes = {
				LastUpgradeCheck = 0610;
				ORGANIZATIONNAME = "Cirno MainasuK";
				TargetAttributes = {
					DB20B8AB1A714B5300783305 = {
						CreatedOnToolsVersion = 6.1;
					};
				};
			};
			buildConfigurationList = DB20B8A71A714B5300783305 /* Build configuration list for PBXProject "ex06_Monte_Carlo_method_PI" */;
			compatibilityVersion = "Xcode 3.2";
			developmentRegion = English;
			hasScannedForEncodings = 0;
			knownRegions = (
				en,
			);
			mainGroup = DB20B8A31A714B5300783305;
			productRefGroup = DB20B8AD1A714B5300783305 /* Products */;
			projectDirPath = "";
			projectRoot = "";
			targets = (
				DB20B8AB1A714B5300783305 /* ex06_Monte_Carlo_method_PI */,
			);
		};
/* End PBXProject section */

/* Begin PBXSourcesBuildPhase section */
		DB20B8A81A714B5300783305 /* Sources */ = {
			isa = PBXSourcesBuildPhase;
			buildActionMask = 2147483647;
			files = (
				DB20B8B81A714B5E00783305 /* random.c in Sources */,
				DB20B8B01A714B5300783305 /* main.c in Sources */,
			);
			runOnlyForDeploymentPostprocessing = 0;
		};
/* End PBXSourcesBuildPhase section */

/* Begin XCBuildConfiguration section */
		DB20B8B11A714B5300783305 /* Debug */ = {
			isa = XCBuildConfiguration;
			buildSettings = {
				ALWAYS_SEARCH_USER_PATHS = NO;
				CLANG_CXX_LANGUAGE_STANDARD = "gnu++0x";
				CLANG_CXX_LIBRARY = "libc++";
				CLANG_ENABLE_MODULES = YES;
				CLANG_ENABLE_OBJC_ARC = YES;
				CLANG_WARN_BOOL_CONVERSION = YES;
				CLANG_WARN_CONSTANT_CONVERSION = YES;
				CLANG_WARN_DIRECT_OBJC_ISA_USAGE = YES_ERROR;
				CLANG_WARN_EMPTY_BODY = YES;
				CLANG_WARN_ENUM_CONVERSION = YES;
				CLANG_WARN_INT_CONVERSION = YES;
				CLANG_WARN_OBJC_ROOT_CLASS = YES_ERROR;
				CLANG_WARN_UNREACHABLE_CODE = YES;
				CLANG_WARN__DUPLICATE_METHOD_MATCH = YES;
				COPY_PHASE_STRIP = NO;
				ENABLE_STRICT_OBJC_MSGSEND = YES;
				GCC_C_LANGUAGE_STANDARD = gnu99;
				GCC_DYNAMIC_NO_PIC = NO;
				GCC_OPTIMIZATION_LEVEL = 0;
				GCC_PREPROCESSOR_DEFINITIONS = (
					"DEBUG=1",
					"$(inherited)",
				);
				GCC_SYMBOLS_PRIVATE_EXTERN = NO;
				GCC_WARN_64_TO_32_BIT_CONVERSION = YES;
				GCC_WARN_ABOUT_RETURN_TYPE = YES_ERROR;
				GCC_WARN_UNDECLARED_SELECTOR = YES;
				GCC_WARN_UNINITIALIZED_AUTOS = YES_AGGRESSIVE;
				GCC_WARN_UNUSED_FUNCTION = YES;
				GCC_WARN_UNUSED_VARIABLE = YES;
				MACOSX_DEPLOYMENT_TARGET = 10.10;
				MTL_ENABLE_DEBUG_INFO = YES;
				ONLY_ACTIVE_ARCH = YES;
				SDKROOT = macosx;
			};
			name = Debug;
		};
		DB20B8B21A714B5300783305 /* Release */ = {
			isa = XCBuildConfiguration;
			buildSettings = {
				ALWAYS_SEARCH_USER_PATHS = NO;
				CLANG_CXX_LANGUAGE_STANDARD = "gnu++0x";
				CLANG_CXX_LIBRARY = "libc++";
				CLANG_ENABLE_MODULES = YES;
				CLANG_ENABLE_OBJC_ARC = YES;
				CLANG_WARN_BOOL_CONVERSION = YES;
				CLANG_WARN_CONSTANT_CONVERSION = YES;
				CLANG_WARN_DIRECT_OBJC_ISA_USAGE = YES_ERROR;
				CLANG_WARN_EMPTY_BODY = YES;
				CLANG_WARN_ENUM_CONVERSION = YES;
				CLANG_WARN_INT_CONVERSION = YES;
				CLANG_WARN_OBJC_ROOT_CLASS = YES_ERROR;
				CLANG_WARN_UNREACHABLE_CODE = YES;
				CLANG_WARN__DUPLICATE_METHOD_MATCH = YES;
				COPY_PHASE_STRIP = YES;
				DEBUG_INFORMATION_FORMAT = "dwarf-with-dsym";
				ENABLE_NS_ASSERTIONS = NO;
				ENABLE_STRICT_OBJC_MSGSEND = YES;
				GCC_C_LANGUAGE_STANDARD = gnu99;
				GCC_WARN_64_TO_32_BIT_CONVERSION = YES;
				GCC_WARN_ABOUT_RETURN_TYPE = YES_ERROR;
				GCC_WARN_UNDECLARED_SELECTOR = YES;
				GCC_WARN_UNINITIALIZED_AUTOS = YES_AGGRESSIVE;
				GCC_WARN_UNUSED_FUNCTION = YES;
				GCC_WARN_UNUSED_VARIABLE = YES;
				MACOSX_DEPLOYMENT_TARGET = 10.10;
				MTL_ENABLE_DEBUG_INFO = NO;
				SDKROOT = macosx;
			};
			name = Release;
		};
		DB20B8B41A714B5300783305 /* Debug */ = {
			isa = XCBuildConfiguration;
			buildSettings = {
				PRODUCT_NAME = "$(TARGET_NAME)";
			};
			name = Debug;
		};
		DB20B8B51A714B5300783305 /* Release */ = {
			isa = XCBuildConfiguration;
			buildSettings = {
				PRODUCT_NAME = "$(TARGET_NAME)";
			};
			name = Release;
		};
/* End XCBuildConfiguration section */

/* Begin XCConfigurationList section */
		DB20B8A71A714B5300783305 /* Build configuration list for PBXProject "ex06_Monte_Carlo_method_PI" */ = {
			isa = XCConfigurationList;
			buildConfigurations = (
				DB20B8B11A714B5300783305 /* Debug */,
				DB20B8B21A714B5300783305 /* Release */,
			);
			defaultConfigurationIsVisible = 0;
			defaultConfigurationName = Release;
		};
		DB20B8B31A714B5300783305 /* Build configuration list for PBXNativeTarget "ex06_Monte_Carlo_method_PI" */ = {
			isa = XCConfigurationList;
			buildConfigurations = (
				DB20B8B41A714B5300783305 /* Debug */,
				DB20B8B51A714B5300783305 /* Release */,
			);
			defaultConfigurationIsVisible = 0;
		};
/* End XCConfigurationList section */
	};
	rootObject = DB20B8A41A714B5300783305 /* Project object */;
}
